
Microsoft Visual Studio Solution File, Format Version 12.00
# Visual Studio Version 16
Project("{8BC9CEB8-8B4A-11D0-8D11-00A0C91BC942}") = "ALL_BUILD", "ALL_BUILD.vcxproj", "{60E5757B-7D48-3096-96A1-4C4EA35B7316}"
	ProjectSection(ProjectDependencies) = postProject
		{40A05F5C-D976-3933-A4D5-5CCCC62EDA1B} = {40A05F5C-D976-3933-A4D5-5CCCC62EDA1B}
		{EBB2C225-0C17-3A73-BD3E-E670302A1700} = {EBB2C225-0C17-3A73-BD3E-E670302A1700}
		{F8FA3255-E535-38BA-937F-354C40F4E798} = {F8FA3255-E535-38BA-937F-354C40F4E798}
		{3B411AA9-AD34-3F29-80F1-4D2E33D31480} = {3B411AA9-AD34-3F29-80F1-4D2E33D31480}
		{A4045E12-CB2B-3384-9E28-782ED2732B25} = {A4045E12-CB2B-3384-9E28-782ED2732B25}
		{A1D95375-08D1-32C7-AC38-7EF4FFA59F58} = {A1D95375-08D1-32C7-AC38-7EF4FFA59F58}
		{2A59B3B1-E152-34B5-AD54-D8BF6247E37A} = {2A59B3B1-E152-34B5-AD54-D8BF6247E37A}
		{8EC967E8-D3CC-3DF5-8A54-68AF3E101DF3} = {8EC967E8-D3CC-3DF5-8A54-68AF3E101DF3}
		{41E8BB1A-5E7A-3C98-AFFC-7DAEF8570CA9} = {41E8BB1A-5E7A-3C98-AFFC-7DAEF8570CA9}
		{9006B4B2-3483-3BB4-9BC8-2422CCA72D72} = {9006B4B2-3483-3BB4-9BC8-2422CCA72D72}
		{13AC9EF9-2C2D-3700-B553-219B8C80AA54} = {13AC9EF9-2C2D-3700-B553-219B8C80AA54}
		{0FCEBCA3-6D0D-3996-91E7-1A194193DC60} = {0FCEBCA3-6D0D-3996-91E7-1A194193DC60}
		{1168A1B0-CF73-3C04-A0AC-333112F83A8E} = {1168A1B0-CF73-3C04-A0AC-333112F83A8E}
		{61619ECD-3E90-310C-B938-AAB701E7A77D} = {61619ECD-3E90-310C-B938-AAB701E7A77D}
		{1B5E8AB5-A998-30CB-8FE1-147F6807AE44} = {1B5E8AB5-A998-30CB-8FE1-147F6807AE44}
		{78EBD1F1-48DD-34D9-BB1E-2A80C8907385} = {78EBD1F1-48DD-34D9-BB1E-2A80C8907385}
		{8CA2CA1D-17F3-3903-BEFF-A7301FFC38F9} = {8CA2CA1D-17F3-3903-BEFF-A7301FFC38F9}
		{1EFAFD9C-6904-3F70-98B3-657CF529FE8C} = {1EFAFD9C-6904-3F70-98B3-657CF529FE8C}
		{42E515FB-D726-3DD6-B61F-820CCD9574E7} = {42E515FB-D726-3DD6-B61F-820CCD9574E7}
		{D38768A3-1472-3D76-BCA1-143696D6A16D} = {D38768A3-1472-3D76-BCA1-143696D6A16D}
		{11451D2A-16A1-32EA-8640-B2404FE5A75F} = {11451D2A-16A1-32EA-8640-B2404FE5A75F}
		{13BA6FA9-994B-3720-9CC9-BE853D405FD6} = {13BA6FA9-994B-3720-9CC9-BE853D405FD6}
		{D56E7EC3-FFE3-3C1F-9156-15C4038D9A23} = {D56E7EC3-FFE3-3C1F-9156-15C4038D9A23}
		{FC4BE483-EBCF-3E8B-BE83-B27E57611097} = {FC4BE483-EBCF-3E8B-BE83-B27E57611097}
		{7D8831F6-1C3F-35F2-930F-603869C1646B} = {7D8831F6-1C3F-35F2-930F-603869C1646B}
		{6265BEFE-8D6D-3446-9B0B-C3CB2E9BDFF6} = {6265BEFE-8D6D-3446-9B0B-C3CB2E9BDFF6}
		{E8CB223D-04A2-3C9C-A9FF-9A9DD73B6A6E} = {E8CB223D-04A2-3C9C-A9FF-9A9DD73B6A6E}
		{57ECA441-0DFF-3F70-BFAA-C3F5FEFF456A} = {57ECA441-0DFF-3F70-BFAA-C3F5FEFF456A}
		{52B3A48D-70D7-36C0-BD33-778E330C0371} = {52B3A48D-70D7-36C0-BD33-778E330C0371}
		{3FF3C453-D8E6-3BB6-8C35-43AE8EFF2EB5} = {3FF3C453-D8E6-3BB6-8C35-43AE8EFF2EB5}
		{A56B6DCB-CF94-3687-A5CD-B9AF7A8B051C} = {A56B6DCB-CF94-3687-A5CD-B9AF7A8B051C}
		{52171D66-D9E7-3CE7-A03C-AEFDC31BB3D6} = {52171D66-D9E7-3CE7-A03C-AEFDC31BB3D6}
		{693247DD-DC13-348E-B84D-65A88CC54655} = {693247DD-DC13-348E-B84D-65A88CC54655}
		{6CCBD593-C511-378C-A87A-F8626E1AD2B5} = {6CCBD593-C511-378C-A87A-F8626E1AD2B5}
		{97D6BB1D-8B2E-315B-BE2F-88F64A529A64} = {97D6BB1D-8B2E-315B-BE2F-88F64A529A64}
		{9262EF81-0895-31E6-9DE0-953248A34ED8} = {9262EF81-0895-31E6-9DE0-953248A34ED8}
		{930CAD72-A9EB-3329-920A-0C7FDACCA1E8} = {930CAD72-A9EB-3329-920A-0C7FDACCA1E8}
		{E9FA29AA-5E44-39A8-A6DD-D5388E2C794F} = {E9FA29AA-5E44-39A8-A6DD-D5388E2C794F}
		{822E69EB-EA58-3172-8A20-D47C3F1459EE} = {822E69EB-EA58-3172-8A20-D47C3F1459EE}
		{46A7CC8C-4F23-3BC2-9C62-B053FA7BEFB7} = {46A7CC8C-4F23-3BC2-9C62-B053FA7BEFB7}
		{A5CE1354-0423-3CAC-B96A-CE35977A3664} = {A5CE1354-0423-3CAC-B96A-CE35977A3664}
		{EF2DD525-D39A-34D3-BD7C-BDFDCB0846E1} = {EF2DD525-D39A-34D3-BD7C-BDFDCB0846E1}
		{37A86834-DF87-31FD-B231-8C20B3D45860} = {37A86834-DF87-31FD-B231-8C20B3D45860}
		{1F7748AA-0A62-3AA4-92D0-402B0A686AC0} = {1F7748AA-0A62-3AA4-92D0-402B0A686AC0}
		{9491AC86-638D-3EF4-91FC-344D78A8360A} = {9491AC86-638D-3EF4-91FC-344D78A8360A}
		{817FE301-8032-36C2-BDB2-33D7905803BA} = {817FE301-8032-36C2-BDB2-33D7905803BA}
		{7A899A7D-5B62-3665-A8FA-F9E9EFC96014} = {7A899A7D-5B62-3665-A8FA-F9E9EFC96014}
		{DA0F866F-7DD0-3686-93A7-FEDC7981687D} = {DA0F866F-7DD0-3686-93A7-FEDC7981687D}
		{82E56C8A-8DAF-31EB-9B2B-F3F166A9EF20} = {82E56C8A-8DAF-31EB-9B2B-F3F166A9EF20}
		{7DA3ED77-CC45-31FA-A14C-30072DF052E3} = {7DA3ED77-CC45-31FA-A14C-30072DF052E3}
		{6A5FD0DA-C7B8-38BA-91E2-9CF469AB10C8} = {6A5FD0DA-C7B8-38BA-91E2-9CF469AB10C8}
		{D3723364-E485-30F3-A237-14ED66ACAF91} = {D3723364-E485-30F3-A237-14ED66ACAF91}
		{0B4628B6-4A74-3DA3-8E27-94512F980F23} = {0B4628B6-4A74-3DA3-8E27-94512F980F23}
		{EBD32D60-7043-387D-A23F-20DAF93F9104} = {EBD32D60-7043-387D-A23F-20DAF93F9104}
		{73D4BA8D-9B2A-370E-9B38-E156D19250E5} = {73D4BA8D-9B2A-370E-9B38-E156D19250E5}
		{3B74DA90-2C03-3ED3-8F9C-5D7F3C21E1A9} = {3B74DA90-2C03-3ED3-8F9C-5D7F3C21E1A9}
		{9DA04D1D-4951-3FDB-9FFC-E958DAC20C70} = {9DA04D1D-4951-3FDB-9FFC-E958DAC20C70}
		{DE8C124F-5AEA-31C0-86FD-8C13E5C52568} = {DE8C124F-5AEA-31C0-86FD-8C13E5C52568}
		{D57161CF-C1D2-3527-8B07-60A1CA0F3934} = {D57161CF-C1D2-3527-8B07-60A1CA0F3934}
		{574A0651-6ADF-3D6C-A3BC-457A1128EC89} = {574A0651-6ADF-3D6C-A3BC-457A1128EC89}
		{4CBAF097-62E5-36D6-BC25-1BBE704F6FA6} = {4CBAF097-62E5-36D6-BC25-1BBE704F6FA6}
		{BF53DFF7-3A9E-3BEE-B7AC-5C5F48161474} = {BF53DFF7-3A9E-3BEE-B7AC-5C5F48161474}
		{77B7C18C-251B-34BD-8FAB-8ACB74C4EDB4} = {77B7C18C-251B-34BD-8FAB-8ACB74C4EDB4}
		{9F56CE88-2731-37BE-9CA3-956FBDCD7111} = {9F56CE88-2731-37BE-9CA3-956FBDCD7111}
		{D1D6B108-B2CF-3A22-97E0-271DAE2E23CC} = {D1D6B108-B2CF-3A22-97E0-271DAE2E23CC}
		{14C0F4F7-C525-3D35-AF9A-7F3FE4B8CFA9} = {14C0F4F7-C525-3D35-AF9A-7F3FE4B8CFA9}
		{61C48798-C093-3FC5-87BA-B203DAA4B083} = {61C48798-C093-3FC5-87BA-B203DAA4B083}
		{3CCAB2DA-7EE3-35AD-A220-2B0FD5D50473} = {3CCAB2DA-7EE3-35AD-A220-2B0FD5D50473}
		{44CF1DC6-E014-3847-9C70-7B8AB95247DA} = {44CF1DC6-E014-3847-9C70-7B8AB95247DA}
		{C04B80C4-A5AA-35A9-9837-CD8C38437FE8} = {C04B80C4-A5AA-35A9-9837-CD8C38437FE8}
		{D47667DE-6C25-32E7-8090-29B155844A1B} = {D47667DE-6C25-32E7-8090-29B155844A1B}
		{342C52BE-6917-3D6C-9F37-A91F7F53803F} = {342C52BE-6917-3D6C-9F37-A91F7F53803F}
		{C4AE34D3-A9F1-33D9-A57E-B8DB16E25DD9} = {C4AE34D3-A9F1-33D9-A57E-B8DB16E25DD9}
		{16F8BECC-EC7F-3110-A64F-86FCA770B9D1} = {16F8BECC-EC7F-3110-A64F-86FCA770B9D1}
		{18C21616-40DD-3A55-94DC-3F2EF9B4B87F} = {18C21616-40DD-3A55-94DC-3F2EF9B4B87F}
		{5F3EE51F-94E1-37E0-8A93-AD206217D1A9} = {5F3EE51F-94E1-37E0-8A93-AD206217D1A9}
		{D3BDD05C-CC2A-365B-86D3-BD5321DADD25} = {D3BDD05C-CC2A-365B-86D3-BD5321DADD25}
		{6BA70810-1C05-33ED-AA2A-29A1855890E6} = {6BA70810-1C05-33ED-AA2A-29A1855890E6}
		{1CBB544C-949D-3F61-B102-417ECD4E6B7D} = {1CBB544C-949D-3F61-B102-417ECD4E6B7D}
		{02EE887C-9778-3577-AEB2-52A6EF0B69F5} = {02EE887C-9778-3577-AEB2-52A6EF0B69F5}
		{7919DCAF-E003-354F-BA5B-AA7436B654B4} = {7919DCAF-E003-354F-BA5B-AA7436B654B4}
		{8DA7A936-6C94-32A4-8A51-1F1D6B3318B6} = {8DA7A936-6C94-32A4-8A51-1F1D6B3318B6}
		{6CCD698F-F59A-31C2-9A1E-2FA3CCF71744} = {6CCD698F-F59A-31C2-9A1E-2FA3CCF71744}
		{FE14F5C3-1590-365B-88DF-3F61175C944A} = {FE14F5C3-1590-365B-88DF-3F61175C944A}
	EndProjectSection
EndProject
Project("{8BC9CEB8-8B4A-11D0-8D11-00A0C91BC942}") = "ZERO_CHECK", "ZERO_CHECK.vcxproj", "{40A05F5C-D976-3933-A4D5-5CCCC62EDA1B}"
	ProjectSection(ProjectDependencies) = postProject
	EndProjectSection
EndProject
Project("{8BC9CEB8-8B4A-11D0-8D11-00A0C91BC942}") = "alienrain", "alienrain.vcxproj", "{EBB2C225-0C17-3A73-BD3E-E670302A1700}"
	ProjectSection(ProjectDependencies) = postProject
		{40A05F5C-D976-3933-A4D5-5CCCC62EDA1B} = {40A05F5C-D976-3933-A4D5-5CCCC62EDA1B}
		{4CBAF097-62E5-36D6-BC25-1BBE704F6FA6} = {4CBAF097-62E5-36D6-BC25-1BBE704F6FA6}
	EndProjectSection
EndProject
Project("{8BC9CEB8-8B4A-11D0-8D11-00A0C91BC942}") = "basicfbo", "basicfbo.vcxproj", "{F8FA3255-E535-38BA-937F-354C40F4E798}"
	ProjectSection(ProjectDependencies) = postProject
		{40A05F5C-D976-3933-A4D5-5CCCC62EDA1B} = {40A05F5C-D976-3933-A4D5-5CCCC62EDA1B}
		{4CBAF097-62E5-36D6-BC25-1BBE704F6FA6} = {4CBAF097-62E5-36D6-BC25-1BBE704F6FA6}
	EndProjectSection
EndProject
Project("{8BC9CEB8-8B4A-11D0-8D11-00A0C91BC942}") = "bindlesstex", "bindlesstex.vcxproj", "{3B411AA9-AD34-3F29-80F1-4D2E33D31480}"
	ProjectSection(ProjectDependencies) = postProject
		{40A05F5C-D976-3933-A4D5-5CCCC62EDA1B} = {40A05F5C-D976-3933-A4D5-5CCCC62EDA1B}
		{4CBAF097-62E5-36D6-BC25-1BBE704F6FA6} = {4CBAF097-62E5-36D6-BC25-1BBE704F6FA6}
	EndProjectSection
EndProject
Project("{8BC9CEB8-8B4A-11D0-8D11-00A0C91BC942}") = "blendmatrix", "blendmatrix.vcxproj", "{A4045E12-CB2B-3384-9E28-782ED2732B25}"
	ProjectSection(ProjectDependencies) = postProject
		{40A05F5C-D976-3933-A4D5-5CCCC62EDA1B} = {40A05F5C-D976-3933-A4D5-5CCCC62EDA1B}
		{4CBAF097-62E5-36D6-BC25-1BBE704F6FA6} = {4CBAF097-62E5-36D6-BC25-1BBE704F6FA6}
	EndProjectSection
EndProject
Project("{8BC9CEB8-8B4A-11D0-8D11-00A0C91BC942}") = "blinnphong", "blinnphong.vcxproj", "{A1D95375-08D1-32C7-AC38-7EF4FFA59F58}"
	ProjectSection(ProjectDependencies) = postProject
		{40A05F5C-D976-3933-A4D5-5CCCC62EDA1B} = {40A05F5C-D976-3933-A4D5-5CCCC62EDA1B}
		{4CBAF097-62E5-36D6-BC25-1BBE704F6FA6} = {4CBAF097-62E5-36D6-BC25-1BBE704F6FA6}
	EndProjectSection
EndProject
Project("{8BC9CEB8-8B4A-11D0-8D11-00A0C91BC942}") = "bumpmapping", "bumpmapping.vcxproj", "{2A59B3B1-E152-34B5-AD54-D8BF6247E37A}"
	ProjectSection(ProjectDependencies) = postProject
		{40A05F5C-D976-3933-A4D5-5CCCC62EDA1B} = {40A05F5C-D976-3933-A4D5-5CCCC62EDA1B}
		{4CBAF097-62E5-36D6-BC25-1BBE704F6FA6} = {4CBAF097-62E5-36D6-BC25-1BBE704F6FA6}
	EndProjectSection
EndProject
Project("{8BC9CEB8-8B4A-11D0-8D11-00A0C91BC942}") = "clipdistance", "clipdistance.vcxproj", "{8EC967E8-D3CC-3DF5-8A54-68AF3E101DF3}"
	ProjectSection(ProjectDependencies) = postProject
		{40A05F5C-D976-3933-A4D5-5CCCC62EDA1B} = {40A05F5C-D976-3933-A4D5-5CCCC62EDA1B}
		{4CBAF097-62E5-36D6-BC25-1BBE704F6FA6} = {4CBAF097-62E5-36D6-BC25-1BBE704F6FA6}
	EndProjectSection
EndProject
Project("{8BC9CEB8-8B4A-11D0-8D11-00A0C91BC942}") = "compressrgtc", "compressrgtc.vcxproj", "{41E8BB1A-5E7A-3C98-AFFC-7DAEF8570CA9}"
	ProjectSection(ProjectDependencies) = postProject
		{40A05F5C-D976-3933-A4D5-5CCCC62EDA1B} = {40A05F5C-D976-3933-A4D5-5CCCC62EDA1B}
		{4CBAF097-62E5-36D6-BC25-1BBE704F6FA6} = {4CBAF097-62E5-36D6-BC25-1BBE704F6FA6}
	EndProjectSection
EndProject
Project("{8BC9CEB8-8B4A-11D0-8D11-00A0C91BC942}") = "csflocking", "csflocking.vcxproj", "{9006B4B2-3483-3BB4-9BC8-2422CCA72D72}"
	ProjectSection(ProjectDependencies) = postProject
		{40A05F5C-D976-3933-A4D5-5CCCC62EDA1B} = {40A05F5C-D976-3933-A4D5-5CCCC62EDA1B}
		{4CBAF097-62E5-36D6-BC25-1BBE704F6FA6} = {4CBAF097-62E5-36D6-BC25-1BBE704F6FA6}
	EndProjectSection
EndProject
Project("{8BC9CEB8-8B4A-11D0-8D11-00A0C91BC942}") = "cubemapenv", "cubemapenv.vcxproj", "{13AC9EF9-2C2D-3700-B553-219B8C80AA54}"
	ProjectSection(ProjectDependencies) = postProject
		{40A05F5C-D976-3933-A4D5-5CCCC62EDA1B} = {40A05F5C-D976-3933-A4D5-5CCCC62EDA1B}
		{4CBAF097-62E5-36D6-BC25-1BBE704F6FA6} = {4CBAF097-62E5-36D6-BC25-1BBE704F6FA6}
	EndProjectSection
EndProject
Project("{8BC9CEB8-8B4A-11D0-8D11-00A0C91BC942}") = "cubicbezier", "cubicbezier.vcxproj", "{0FCEBCA3-6D0D-3996-91E7-1A194193DC60}"
	ProjectSection(ProjectDependencies) = postProject
		{40A05F5C-D976-3933-A4D5-5CCCC62EDA1B} = {40A05F5C-D976-3933-A4D5-5CCCC62EDA1B}
		{4CBAF097-62E5-36D6-BC25-1BBE704F6FA6} = {4CBAF097-62E5-36D6-BC25-1BBE704F6FA6}
	EndProjectSection
EndProject
Project("{8BC9CEB8-8B4A-11D0-8D11-00A0C91BC942}") = "cullindirect", "cullindirect.vcxproj", "{1168A1B0-CF73-3C04-A0AC-333112F83A8E}"
	ProjectSection(ProjectDependencies) = postProject
		{40A05F5C-D976-3933-A4D5-5CCCC62EDA1B} = {40A05F5C-D976-3933-A4D5-5CCCC62EDA1B}
		{4CBAF097-62E5-36D6-BC25-1BBE704F6FA6} = {4CBAF097-62E5-36D6-BC25-1BBE704F6FA6}
	EndProjectSection
EndProject
Project("{8BC9CEB8-8B4A-11D0-8D11-00A0C91BC942}") = "debug", "debug.vcxproj", "{B0ABDDEE-5A05-36C7-984D-C3D6CCCCED2F}"
	ProjectSection(ProjectDependencies) = postProject
		{40A05F5C-D976-3933-A4D5-5CCCC62EDA1B} = {40A05F5C-D976-3933-A4D5-5CCCC62EDA1B}
	EndProjectSection
EndProject
Project("{8BC9CEB8-8B4A-11D0-8D11-00A0C91BC942}") = "deferredshading", "deferredshading.vcxproj", "{61619ECD-3E90-310C-B938-AAB701E7A77D}"
	ProjectSection(ProjectDependencies) = postProject
		{40A05F5C-D976-3933-A4D5-5CCCC62EDA1B} = {40A05F5C-D976-3933-A4D5-5CCCC62EDA1B}
		{4CBAF097-62E5-36D6-BC25-1BBE704F6FA6} = {4CBAF097-62E5-36D6-BC25-1BBE704F6FA6}
	EndProjectSection
EndProject
Project("{8BC9CEB8-8B4A-11D0-8D11-00A0C91BC942}") = "depthclamp", "depthclamp.vcxproj", "{1B5E8AB5-A998-30CB-8FE1-147F6807AE44}"
	ProjectSection(ProjectDependencies) = postProject
		{40A05F5C-D976-3933-A4D5-5CCCC62EDA1B} = {40A05F5C-D976-3933-A4D5-5CCCC62EDA1B}
		{4CBAF097-62E5-36D6-BC25-1BBE704F6FA6} = {4CBAF097-62E5-36D6-BC25-1BBE704F6FA6}
	EndProjectSection
EndProject
Project("{8BC9CEB8-8B4A-11D0-8D11-00A0C91BC942}") = "dflandscape", "dflandscape.vcxproj", "{78EBD1F1-48DD-34D9-BB1E-2A80C8907385}"
	ProjectSection(ProjectDependencies) = postProject
		{40A05F5C-D976-3933-A4D5-5CCCC62EDA1B} = {40A05F5C-D976-3933-A4D5-5CCCC62EDA1B}
		{4CBAF097-62E5-36D6-BC25-1BBE704F6FA6} = {4CBAF097-62E5-36D6-BC25-1BBE704F6FA6}
	EndProjectSection
EndProject
Project("{8BC9CEB8-8B4A-11D0-8D11-00A0C91BC942}") = "dispmap", "dispmap.vcxproj", "{8CA2CA1D-17F3-3903-BEFF-A7301FFC38F9}"
	ProjectSection(ProjectDependencies) = postProject
		{40A05F5C-D976-3933-A4D5-5CCCC62EDA1B} = {40A05F5C-D976-3933-A4D5-5CCCC62EDA1B}
		{4CBAF097-62E5-36D6-BC25-1BBE704F6FA6} = {4CBAF097-62E5-36D6-BC25-1BBE704F6FA6}
	EndProjectSection
EndProject
Project("{8BC9CEB8-8B4A-11D0-8D11-00A0C91BC942}") = "dof", "dof.vcxproj", "{1EFAFD9C-6904-3F70-98B3-657CF529FE8C}"
	ProjectSection(ProjectDependencies) = postProject
		{40A05F5C-D976-3933-A4D5-5CCCC62EDA1B} = {40A05F5C-D976-3933-A4D5-5CCCC62EDA1B}
		{4CBAF097-62E5-36D6-BC25-1BBE704F6FA6} = {4CBAF097-62E5-36D6-BC25-1BBE704F6FA6}
	EndProjectSection
EndProject
Project("{8BC9CEB8-8B4A-11D0-8D11-00A0C91BC942}") = "envmapsphere", "envmapsphere.vcxproj", "{42E515FB-D726-3DD6-B61F-820CCD9574E7}"
	ProjectSection(ProjectDependencies) = postProject
		{40A05F5C-D976-3933-A4D5-5CCCC62EDA1B} = {40A05F5C-D976-3933-A4D5-5CCCC62EDA1B}
		{4CBAF097-62E5-36D6-BC25-1BBE704F6FA6} = {4CBAF097-62E5-36D6-BC25-1BBE704F6FA6}
	EndProjectSection
EndProject
Project("{8BC9CEB8-8B4A-11D0-8D11-00A0C91BC942}") = "equirectangular", "equirectangular.vcxproj", "{D38768A3-1472-3D76-BCA1-143696D6A16D}"
	ProjectSection(ProjectDependencies) = postProject
		{40A05F5C-D976-3933-A4D5-5CCCC62EDA1B} = {40A05F5C-D976-3933-A4D5-5CCCC62EDA1B}
		{4CBAF097-62E5-36D6-BC25-1BBE704F6FA6} = {4CBAF097-62E5-36D6-BC25-1BBE704F6FA6}
	EndProjectSection
EndProject
Project("{8BC9CEB8-8B4A-11D0-8D11-00A0C91BC942}") = "fontdemo", "fontdemo.vcxproj", "{11451D2A-16A1-32EA-8640-B2404FE5A75F}"
	ProjectSection(ProjectDependencies) = postProject
		{40A05F5C-D976-3933-A4D5-5CCCC62EDA1B} = {40A05F5C-D976-3933-A4D5-5CCCC62EDA1B}
		{4CBAF097-62E5-36D6-BC25-1BBE704F6FA6} = {4CBAF097-62E5-36D6-BC25-1BBE704F6FA6}
	EndProjectSection
EndProject
Project("{8BC9CEB8-8B4A-11D0-8D11-00A0C91BC942}") = "fragcolorfrompos", "fragcolorfrompos.vcxproj", "{13BA6FA9-994B-3720-9CC9-BE853D405FD6}"
	ProjectSection(ProjectDependencies) = postProject
		{40A05F5C-D976-3933-A4D5-5CCCC62EDA1B} = {40A05F5C-D976-3933-A4D5-5CCCC62EDA1B}
		{4CBAF097-62E5-36D6-BC25-1BBE704F6FA6} = {4CBAF097-62E5-36D6-BC25-1BBE704F6FA6}
	EndProjectSection
EndProject
Project("{8BC9CEB8-8B4A-11D0-8D11-00A0C91BC942}") = "fragmentlist", "fragmentlist.vcxproj", "{D56E7EC3-FFE3-3C1F-9156-15C4038D9A23}"
	ProjectSection(ProjectDependencies) = postProject
		{40A05F5C-D976-3933-A4D5-5CCCC62EDA1B} = {40A05F5C-D976-3933-A4D5-5CCCC62EDA1B}
		{4CBAF097-62E5-36D6-BC25-1BBE704F6FA6} = {4CBAF097-62E5-36D6-BC25-1BBE704F6FA6}
	EndProjectSection
EndProject
Project("{8BC9CEB8-8B4A-11D0-8D11-00A0C91BC942}") = "grass", "grass.vcxproj", "{FC4BE483-EBCF-3E8B-BE83-B27E57611097}"
	ProjectSection(ProjectDependencies) = postProject
		{40A05F5C-D976-3933-A4D5-5CCCC62EDA1B} = {40A05F5C-D976-3933-A4D5-5CCCC62EDA1B}
		{4CBAF097-62E5-36D6-BC25-1BBE704F6FA6} = {4CBAF097-62E5-36D6-BC25-1BBE704F6FA6}
	EndProjectSection
EndProject
Project("{8BC9CEB8-8B4A-11D0-8D11-00A0C91BC942}") = "gsculling", "gsculling.vcxproj", "{7D8831F6-1C3F-35F2-930F-603869C1646B}"
	ProjectSection(ProjectDependencies) = postProject
		{40A05F5C-D976-3933-A4D5-5CCCC62EDA1B} = {40A05F5C-D976-3933-A4D5-5CCCC62EDA1B}
		{4CBAF097-62E5-36D6-BC25-1BBE704F6FA6} = {4CBAF097-62E5-36D6-BC25-1BBE704F6FA6}
	EndProjectSection
EndProject
Project("{8BC9CEB8-8B4A-11D0-8D11-00A0C91BC942}") = "gslayered", "gslayered.vcxproj", "{6265BEFE-8D6D-3446-9B0B-C3CB2E9BDFF6}"
	ProjectSection(ProjectDependencies) = postProject
		{40A05F5C-D976-3933-A4D5-5CCCC62EDA1B} = {40A05F5C-D976-3933-A4D5-5CCCC62EDA1B}
		{4CBAF097-62E5-36D6-BC25-1BBE704F6FA6} = {4CBAF097-62E5-36D6-BC25-1BBE704F6FA6}
	EndProjectSection
EndProject
Project("{8BC9CEB8-8B4A-11D0-8D11-00A0C91BC942}") = "gsquads", "gsquads.vcxproj", "{E8CB223D-04A2-3C9C-A9FF-9A9DD73B6A6E}"
	ProjectSection(ProjectDependencies) = postProject
		{40A05F5C-D976-3933-A4D5-5CCCC62EDA1B} = {40A05F5C-D976-3933-A4D5-5CCCC62EDA1B}
		{4CBAF097-62E5-36D6-BC25-1BBE704F6FA6} = {4CBAF097-62E5-36D6-BC25-1BBE704F6FA6}
	EndProjectSection
EndProject
Project("{8BC9CEB8-8B4A-11D0-8D11-00A0C91BC942}") = "gstessellate", "gstessellate.vcxproj", "{57ECA441-0DFF-3F70-BFAA-C3F5FEFF456A}"
	ProjectSection(ProjectDependencies) = postProject
		{40A05F5C-D976-3933-A4D5-5CCCC62EDA1B} = {40A05F5C-D976-3933-A4D5-5CCCC62EDA1B}
		{4CBAF097-62E5-36D6-BC25-1BBE704F6FA6} = {4CBAF097-62E5-36D6-BC25-1BBE704F6FA6}
	EndProjectSection
EndProject
Project("{8BC9CEB8-8B4A-11D0-8D11-00A0C91BC942}") = "hdrbloom", "hdrbloom.vcxproj", "{52B3A48D-70D7-36C0-BD33-778E330C0371}"
	ProjectSection(ProjectDependencies) = postProject
		{40A05F5C-D976-3933-A4D5-5CCCC62EDA1B} = {40A05F5C-D976-3933-A4D5-5CCCC62EDA1B}
		{4CBAF097-62E5-36D6-BC25-1BBE704F6FA6} = {4CBAF097-62E5-36D6-BC25-1BBE704F6FA6}
	EndProjectSection
EndProject
Project("{8BC9CEB8-8B4A-11D0-8D11-00A0C91BC942}") = "hdrexposure", "hdrexposure.vcxproj", "{3FF3C453-D8E6-3BB6-8C35-43AE8EFF2EB5}"
	ProjectSection(ProjectDependencies) = postProject
		{40A05F5C-D976-3933-A4D5-5CCCC62EDA1B} = {40A05F5C-D976-3933-A4D5-5CCCC62EDA1B}
		{4CBAF097-62E5-36D6-BC25-1BBE704F6FA6} = {4CBAF097-62E5-36D6-BC25-1BBE704F6FA6}
	EndProjectSection
EndProject
Project("{8BC9CEB8-8B4A-11D0-8D11-00A0C91BC942}") = "hdrtonemap", "hdrtonemap.vcxproj", "{A56B6DCB-CF94-3687-A5CD-B9AF7A8B051C}"
	ProjectSection(ProjectDependencies) = postProject
		{40A05F5C-D976-3933-A4D5-5CCCC62EDA1B} = {40A05F5C-D976-3933-A4D5-5CCCC62EDA1B}
		{4CBAF097-62E5-36D6-BC25-1BBE704F6FA6} = {4CBAF097-62E5-36D6-BC25-1BBE704F6FA6}
	EndProjectSection
EndProject
Project("{8BC9CEB8-8B4A-11D0-8D11-00A0C91BC942}") = "hqfilter", "hqfilter.vcxproj", "{52171D66-D9E7-3CE7-A03C-AEFDC31BB3D6}"
	ProjectSection(ProjectDependencies) = postProject
		{40A05F5C-D976-3933-A4D5-5CCCC62EDA1B} = {40A05F5C-D976-3933-A4D5-5CCCC62EDA1B}
		{4CBAF097-62E5-36D6-BC25-1BBE704F6FA6} = {4CBAF097-62E5-36D6-BC25-1BBE704F6FA6}
	EndProjectSection
EndProject
Project("{8BC9CEB8-8B4A-11D0-8D11-00A0C91BC942}") = "indexedcube", "indexedcube.vcxproj", "{693247DD-DC13-348E-B84D-65A88CC54655}"
	ProjectSection(ProjectDependencies) = postProject
		{40A05F5C-D976-3933-A4D5-5CCCC62EDA1B} = {40A05F5C-D976-3933-A4D5-5CCCC62EDA1B}
		{4CBAF097-62E5-36D6-BC25-1BBE704F6FA6} = {4CBAF097-62E5-36D6-BC25-1BBE704F6FA6}
	EndProjectSection
EndProject
Project("{8BC9CEB8-8B4A-11D0-8D11-00A0C91BC942}") = "indirectmaterial", "indirectmaterial.vcxproj", "{6CCBD593-C511-378C-A87A-F8626E1AD2B5}"
	ProjectSection(ProjectDependencies) = postProject
		{40A05F5C-D976-3933-A4D5-5CCCC62EDA1B} = {40A05F5C-D976-3933-A4D5-5CCCC62EDA1B}
		{4CBAF097-62E5-36D6-BC25-1BBE704F6FA6} = {4CBAF097-62E5-36D6-BC25-1BBE704F6FA6}
	EndProjectSection
EndProject
Project("{8BC9CEB8-8B4A-11D0-8D11-00A0C91BC942}") = "instancedattribs", "instancedattribs.vcxproj", "{97D6BB1D-8B2E-315B-BE2F-88F64A529A64}"
	ProjectSection(ProjectDependencies) = postProject
		{40A05F5C-D976-3933-A4D5-5CCCC62EDA1B} = {40A05F5C-D976-3933-A4D5-5CCCC62EDA1B}
		{4CBAF097-62E5-36D6-BC25-1BBE704F6FA6} = {4CBAF097-62E5-36D6-BC25-1BBE704F6FA6}
	EndProjectSection
EndProject
Project("{8BC9CEB8-8B4A-11D0-8D11-00A0C91BC942}") = "julia", "julia.vcxproj", "{9262EF81-0895-31E6-9DE0-953248A34ED8}"
	ProjectSection(ProjectDependencies) = postProject
		{40A05F5C-D976-3933-A4D5-5CCCC62EDA1B} = {40A05F5C-D976-3933-A4D5-5CCCC62EDA1B}
		{4CBAF097-62E5-36D6-BC25-1BBE704F6FA6} = {4CBAF097-62E5-36D6-BC25-1BBE704F6FA6}
	EndProjectSection
EndProject
Project("{8BC9CEB8-8B4A-11D0-8D11-00A0C91BC942}") = "ktxview", "ktxview.vcxproj", "{930CAD72-A9EB-3329-920A-0C7FDACCA1E8}"
	ProjectSection(ProjectDependencies) = postProject
		{40A05F5C-D976-3933-A4D5-5CCCC62EDA1B} = {40A05F5C-D976-3933-A4D5-5CCCC62EDA1B}
		{4CBAF097-62E5-36D6-BC25-1BBE704F6FA6} = {4CBAF097-62E5-36D6-BC25-1BBE704F6FA6}
	EndProjectSection
EndProject
Project("{8BC9CEB8-8B4A-11D0-8D11-00A0C91BC942}") = "linesmooth", "linesmooth.vcxproj", "{E9FA29AA-5E44-39A8-A6DD-D5388E2C794F}"
	ProjectSection(ProjectDependencies) = postProject
		{40A05F5C-D976-3933-A4D5-5CCCC62EDA1B} = {40A05F5C-D976-3933-A4D5-5CCCC62EDA1B}
		{4CBAF097-62E5-36D6-BC25-1BBE704F6FA6} = {4CBAF097-62E5-36D6-BC25-1BBE704F6FA6}
	EndProjectSection
EndProject
Project("{8BC9CEB8-8B4A-11D0-8D11-00A0C91BC942}") = "mirrorclampedge", "mirrorclampedge.vcxproj", "{822E69EB-EA58-3172-8A20-D47C3F1459EE}"
	ProjectSection(ProjectDependencies) = postProject
		{40A05F5C-D976-3933-A4D5-5CCCC62EDA1B} = {40A05F5C-D976-3933-A4D5-5CCCC62EDA1B}
		{4CBAF097-62E5-36D6-BC25-1BBE704F6FA6} = {4CBAF097-62E5-36D6-BC25-1BBE704F6FA6}
	EndProjectSection
EndProject
Project("{8BC9CEB8-8B4A-11D0-8D11-00A0C91BC942}") = "movingtri", "movingtri.vcxproj", "{46A7CC8C-4F23-3BC2-9C62-B053FA7BEFB7}"
	ProjectSection(ProjectDependencies) = postProject
		{40A05F5C-D976-3933-A4D5-5CCCC62EDA1B} = {40A05F5C-D976-3933-A4D5-5CCCC62EDA1B}
		{4CBAF097-62E5-36D6-BC25-1BBE704F6FA6} = {4CBAF097-62E5-36D6-BC25-1BBE704F6FA6}
	EndProjectSection
EndProject
Project("{8BC9CEB8-8B4A-11D0-8D11-00A0C91BC942}") = "msaanative", "msaanative.vcxproj", "{A5CE1354-0423-3CAC-B96A-CE35977A3664}"
	ProjectSection(ProjectDependencies) = postProject
		{40A05F5C-D976-3933-A4D5-5CCCC62EDA1B} = {40A05F5C-D976-3933-A4D5-5CCCC62EDA1B}
		{4CBAF097-62E5-36D6-BC25-1BBE704F6FA6} = {4CBAF097-62E5-36D6-BC25-1BBE704F6FA6}
	EndProjectSection
EndProject
Project("{8BC9CEB8-8B4A-11D0-8D11-00A0C91BC942}") = "multidrawindirect", "multidrawindirect.vcxproj", "{EF2DD525-D39A-34D3-BD7C-BDFDCB0846E1}"
	ProjectSection(ProjectDependencies) = postProject
		{40A05F5C-D976-3933-A4D5-5CCCC62EDA1B} = {40A05F5C-D976-3933-A4D5-5CCCC62EDA1B}
		{4CBAF097-62E5-36D6-BC25-1BBE704F6FA6} = {4CBAF097-62E5-36D6-BC25-1BBE704F6FA6}
	EndProjectSection
EndProject
Project("{8BC9CEB8-8B4A-11D0-8D11-00A0C91BC942}") = "multiscissor", "multiscissor.vcxproj", "{37A86834-DF87-31FD-B231-8C20B3D45860}"
	ProjectSection(ProjectDependencies) = postProject
		{40A05F5C-D976-3933-A4D5-5CCCC62EDA1B} = {40A05F5C-D976-3933-A4D5-5CCCC62EDA1B}
		{4CBAF097-62E5-36D6-BC25-1BBE704F6FA6} = {4CBAF097-62E5-36D6-BC25-1BBE704F6FA6}
	EndProjectSection
EndProject
Project("{8BC9CEB8-8B4A-11D0-8D11-00A0C91BC942}") = "multiviewport", "multiviewport.vcxproj", "{1F7748AA-0A62-3AA4-92D0-402B0A686AC0}"
	ProjectSection(ProjectDependencies) = postProject
		{40A05F5C-D976-3933-A4D5-5CCCC62EDA1B} = {40A05F5C-D976-3933-A4D5-5CCCC62EDA1B}
		{4CBAF097-62E5-36D6-BC25-1BBE704F6FA6} = {4CBAF097-62E5-36D6-BC25-1BBE704F6FA6}
	EndProjectSection
EndProject
Project("{8BC9CEB8-8B4A-11D0-8D11-00A0C91BC942}") = "noperspective", "noperspective.vcxproj", "{9491AC86-638D-3EF4-91FC-344D78A8360A}"
	ProjectSection(ProjectDependencies) = postProject
		{40A05F5C-D976-3933-A4D5-5CCCC62EDA1B} = {40A05F5C-D976-3933-A4D5-5CCCC62EDA1B}
		{4CBAF097-62E5-36D6-BC25-1BBE704F6FA6} = {4CBAF097-62E5-36D6-BC25-1BBE704F6FA6}
	EndProjectSection
EndProject
Project("{8BC9CEB8-8B4A-11D0-8D11-00A0C91BC942}") = "normalviewer", "normalviewer.vcxproj", "{817FE301-8032-36C2-BDB2-33D7905803BA}"
	ProjectSection(ProjectDependencies) = postProject
		{40A05F5C-D976-3933-A4D5-5CCCC62EDA1B} = {40A05F5C-D976-3933-A4D5-5CCCC62EDA1B}
		{4CBAF097-62E5-36D6-BC25-1BBE704F6FA6} = {4CBAF097-62E5-36D6-BC25-1BBE704F6FA6}
	EndProjectSection
EndProject
Project("{8BC9CEB8-8B4A-11D0-8D11-00A0C91BC942}") = "objectexploder", "objectexploder.vcxproj", "{7A899A7D-5B62-3665-A8FA-F9E9EFC96014}"
	ProjectSection(ProjectDependencies) = postProject
		{40A05F5C-D976-3933-A4D5-5CCCC62EDA1B} = {40A05F5C-D976-3933-A4D5-5CCCC62EDA1B}
		{4CBAF097-62E5-36D6-BC25-1BBE704F6FA6} = {4CBAF097-62E5-36D6-BC25-1BBE704F6FA6}
	EndProjectSection
EndProject
Project("{8BC9CEB8-8B4A-11D0-8D11-00A0C91BC942}") = "ompparticles", "ompparticles.vcxproj", "{DA0F866F-7DD0-3686-93A7-FEDC7981687D}"
	ProjectSection(ProjectDependencies) = postProject
		{40A05F5C-D976-3933-A4D5-5CCCC62EDA1B} = {40A05F5C-D976-3933-A4D5-5CCCC62EDA1B}
		{4CBAF097-62E5-36D6-BC25-1BBE704F6FA6} = {4CBAF097-62E5-36D6-BC25-1BBE704F6FA6}
	EndProjectSection
EndProject
Project("{8BC9CEB8-8B4A-11D0-8D11-00A0C91BC942}") = "packetbuffer", "packetbuffer.vcxproj", "{82E56C8A-8DAF-31EB-9B2B-F3F166A9EF20}"
	ProjectSection(ProjectDependencies) = postProject
		{40A05F5C-D976-3933-A4D5-5CCCC62EDA1B} = {40A05F5C-D976-3933-A4D5-5CCCC62EDA1B}
		{4CBAF097-62E5-36D6-BC25-1BBE704F6FA6} = {4CBAF097-62E5-36D6-BC25-1BBE704F6FA6}
	EndProjectSection
EndProject
Project("{8BC9CEB8-8B4A-11D0-8D11-00A0C91BC942}") = "perpixelgloss", "perpixelgloss.vcxproj", "{7DA3ED77-CC45-31FA-A14C-30072DF052E3}"
	ProjectSection(ProjectDependencies) = postProject
		{40A05F5C-D976-3933-A4D5-5CCCC62EDA1B} = {40A05F5C-D976-3933-A4D5-5CCCC62EDA1B}
		{4CBAF097-62E5-36D6-BC25-1BBE704F6FA6} = {4CBAF097-62E5-36D6-BC25-1BBE704F6FA6}
	EndProjectSection
EndProject
Project("{8BC9CEB8-8B4A-11D0-8D11-00A0C91BC942}") = "phonglighting", "phonglighting.vcxproj", "{6A5FD0DA-C7B8-38BA-91E2-9CF469AB10C8}"
	ProjectSection(ProjectDependencies) = postProject
		{40A05F5C-D976-3933-A4D5-5CCCC62EDA1B} = {40A05F5C-D976-3933-A4D5-5CCCC62EDA1B}
		{4CBAF097-62E5-36D6-BC25-1BBE704F6FA6} = {4CBAF097-62E5-36D6-BC25-1BBE704F6FA6}
	EndProjectSection
EndProject
Project("{8BC9CEB8-8B4A-11D0-8D11-00A0C91BC942}") = "pmbfractal", "pmbfractal.vcxproj", "{D3723364-E485-30F3-A237-14ED66ACAF91}"
	ProjectSection(ProjectDependencies) = postProject
		{40A05F5C-D976-3933-A4D5-5CCCC62EDA1B} = {40A05F5C-D976-3933-A4D5-5CCCC62EDA1B}
		{4CBAF097-62E5-36D6-BC25-1BBE704F6FA6} = {4CBAF097-62E5-36D6-BC25-1BBE704F6FA6}
	EndProjectSection
EndProject
Project("{8BC9CEB8-8B4A-11D0-8D11-00A0C91BC942}") = "pmbstreaming", "pmbstreaming.vcxproj", "{0B4628B6-4A74-3DA3-8E27-94512F980F23}"
	ProjectSection(ProjectDependencies) = postProject
		{40A05F5C-D976-3933-A4D5-5CCCC62EDA1B} = {40A05F5C-D976-3933-A4D5-5CCCC62EDA1B}
		{4CBAF097-62E5-36D6-BC25-1BBE704F6FA6} = {4CBAF097-62E5-36D6-BC25-1BBE704F6FA6}
	EndProjectSection
EndProject
Project("{8BC9CEB8-8B4A-11D0-8D11-00A0C91BC942}") = "polygonsmooth", "polygonsmooth.vcxproj", "{EBD32D60-7043-387D-A23F-20DAF93F9104}"
	ProjectSection(ProjectDependencies) = postProject
		{40A05F5C-D976-3933-A4D5-5CCCC62EDA1B} = {40A05F5C-D976-3933-A4D5-5CCCC62EDA1B}
		{4CBAF097-62E5-36D6-BC25-1BBE704F6FA6} = {4CBAF097-62E5-36D6-BC25-1BBE704F6FA6}
	EndProjectSection
EndProject
Project("{8BC9CEB8-8B4A-11D0-8D11-00A0C91BC942}") = "prefixsum", "prefixsum.vcxproj", "{73D4BA8D-9B2A-370E-9B38-E156D19250E5}"
	ProjectSection(ProjectDependencies) = postProject
		{40A05F5C-D976-3933-A4D5-5CCCC62EDA1B} = {40A05F5C-D976-3933-A4D5-5CCCC62EDA1B}
		{4CBAF097-62E5-36D6-BC25-1BBE704F6FA6} = {4CBAF097-62E5-36D6-BC25-1BBE704F6FA6}
	EndProjectSection
EndProject
Project("{8BC9CEB8-8B4A-11D0-8D11-00A0C91BC942}") = "prefixsum2d", "prefixsum2d.vcxproj", "{3B74DA90-2C03-3ED3-8F9C-5D7F3C21E1A9}"
	ProjectSection(ProjectDependencies) = postProject
		{40A05F5C-D976-3933-A4D5-5CCCC62EDA1B} = {40A05F5C-D976-3933-A4D5-5CCCC62EDA1B}
		{4CBAF097-62E5-36D6-BC25-1BBE704F6FA6} = {4CBAF097-62E5-36D6-BC25-1BBE704F6FA6}
	EndProjectSection
EndProject
Project("{8BC9CEB8-8B4A-11D0-8D11-00A0C91BC942}") = "programinfo", "programinfo.vcxproj", "{9DA04D1D-4951-3FDB-9FFC-E958DAC20C70}"
	ProjectSection(ProjectDependencies) = postProject
		{40A05F5C-D976-3933-A4D5-5CCCC62EDA1B} = {40A05F5C-D976-3933-A4D5-5CCCC62EDA1B}
		{4CBAF097-62E5-36D6-BC25-1BBE704F6FA6} = {4CBAF097-62E5-36D6-BC25-1BBE704F6FA6}
	EndProjectSection
EndProject
Project("{8BC9CEB8-8B4A-11D0-8D11-00A0C91BC942}") = "raytracer", "raytracer.vcxproj", "{DE8C124F-5AEA-31C0-86FD-8C13E5C52568}"
	ProjectSection(ProjectDependencies) = postProject
		{40A05F5C-D976-3933-A4D5-5CCCC62EDA1B} = {40A05F5C-D976-3933-A4D5-5CCCC62EDA1B}
		{4CBAF097-62E5-36D6-BC25-1BBE704F6FA6} = {4CBAF097-62E5-36D6-BC25-1BBE704F6FA6}
	EndProjectSection
EndProject
Project("{8BC9CEB8-8B4A-11D0-8D11-00A0C91BC942}") = "release", "release.vcxproj", "{3648185F-EAEE-3C58-B102-5D599707419A}"
	ProjectSection(ProjectDependencies) = postProject
		{40A05F5C-D976-3933-A4D5-5CCCC62EDA1B} = {40A05F5C-D976-3933-A4D5-5CCCC62EDA1B}
	EndProjectSection
EndProject
Project("{8BC9CEB8-8B4A-11D0-8D11-00A0C91BC942}") = "rimlight", "rimlight.vcxproj", "{D57161CF-C1D2-3527-8B07-60A1CA0F3934}"
	ProjectSection(ProjectDependencies) = postProject
		{40A05F5C-D976-3933-A4D5-5CCCC62EDA1B} = {40A05F5C-D976-3933-A4D5-5CCCC62EDA1B}
		{4CBAF097-62E5-36D6-BC25-1BBE704F6FA6} = {4CBAF097-62E5-36D6-BC25-1BBE704F6FA6}
	EndProjectSection
EndProject
Project("{8BC9CEB8-8B4A-11D0-8D11-00A0C91BC942}") = "sampleshading", "sampleshading.vcxproj", "{574A0651-6ADF-3D6C-A3BC-457A1128EC89}"
	ProjectSection(ProjectDependencies) = postProject
		{40A05F5C-D976-3933-A4D5-5CCCC62EDA1B} = {40A05F5C-D976-3933-A4D5-5CCCC62EDA1B}
		{4CBAF097-62E5-36D6-BC25-1BBE704F6FA6} = {4CBAF097-62E5-36D6-BC25-1BBE704F6FA6}
	EndProjectSection
EndProject
Project("{8BC9CEB8-8B4A-11D0-8D11-00A0C91BC942}") = "sb7", "sb7.vcxproj", "{4CBAF097-62E5-36D6-BC25-1BBE704F6FA6}"
	ProjectSection(ProjectDependencies) = postProject
		{40A05F5C-D976-3933-A4D5-5CCCC62EDA1B} = {40A05F5C-D976-3933-A4D5-5CCCC62EDA1B}
	EndProjectSection
EndProject
Project("{8BC9CEB8-8B4A-11D0-8D11-00A0C91BC942}") = "sdfdemo", "sdfdemo.vcxproj", "{BF53DFF7-3A9E-3BEE-B7AC-5C5F48161474}"
	ProjectSection(ProjectDependencies) = postProject
		{40A05F5C-D976-3933-A4D5-5CCCC62EDA1B} = {40A05F5C-D976-3933-A4D5-5CCCC62EDA1B}
		{4CBAF097-62E5-36D6-BC25-1BBE704F6FA6} = {4CBAF097-62E5-36D6-BC25-1BBE704F6FA6}
	EndProjectSection
EndProject
Project("{8BC9CEB8-8B4A-11D0-8D11-00A0C91BC942}") = "shadowmapping", "shadowmapping.vcxproj", "{77B7C18C-251B-34BD-8FAB-8ACB74C4EDB4}"
	ProjectSection(ProjectDependencies) = postProject
		{40A05F5C-D976-3933-A4D5-5CCCC62EDA1B} = {40A05F5C-D976-3933-A4D5-5CCCC62EDA1B}
		{4CBAF097-62E5-36D6-BC25-1BBE704F6FA6} = {4CBAF097-62E5-36D6-BC25-1BBE704F6FA6}
	EndProjectSection
EndProject
Project("{8BC9CEB8-8B4A-11D0-8D11-00A0C91BC942}") = "shapedpoints", "shapedpoints.vcxproj", "{9F56CE88-2731-37BE-9CA3-956FBDCD7111}"
	ProjectSection(ProjectDependencies) = postProject
		{40A05F5C-D976-3933-A4D5-5CCCC62EDA1B} = {40A05F5C-D976-3933-A4D5-5CCCC62EDA1B}
		{4CBAF097-62E5-36D6-BC25-1BBE704F6FA6} = {4CBAF097-62E5-36D6-BC25-1BBE704F6FA6}
	EndProjectSection
EndProject
Project("{8BC9CEB8-8B4A-11D0-8D11-00A0C91BC942}") = "simpleclear", "simpleclear.vcxproj", "{D1D6B108-B2CF-3A22-97E0-271DAE2E23CC}"
	ProjectSection(ProjectDependencies) = postProject
		{40A05F5C-D976-3933-A4D5-5CCCC62EDA1B} = {40A05F5C-D976-3933-A4D5-5CCCC62EDA1B}
		{4CBAF097-62E5-36D6-BC25-1BBE704F6FA6} = {4CBAF097-62E5-36D6-BC25-1BBE704F6FA6}
	EndProjectSection
EndProject
Project("{8BC9CEB8-8B4A-11D0-8D11-00A0C91BC942}") = "simpletexcoords", "simpletexcoords.vcxproj", "{14C0F4F7-C525-3D35-AF9A-7F3FE4B8CFA9}"
	ProjectSection(ProjectDependencies) = postProject
		{40A05F5C-D976-3933-A4D5-5CCCC62EDA1B} = {40A05F5C-D976-3933-A4D5-5CCCC62EDA1B}
		{4CBAF097-62E5-36D6-BC25-1BBE704F6FA6} = {4CBAF097-62E5-36D6-BC25-1BBE704F6FA6}
	EndProjectSection
EndProject
Project("{8BC9CEB8-8B4A-11D0-8D11-00A0C91BC942}") = "simpletexture", "simpletexture.vcxproj", "{61C48798-C093-3FC5-87BA-B203DAA4B083}"
	ProjectSection(ProjectDependencies) = postProject
		{40A05F5C-D976-3933-A4D5-5CCCC62EDA1B} = {40A05F5C-D976-3933-A4D5-5CCCC62EDA1B}
		{4CBAF097-62E5-36D6-BC25-1BBE704F6FA6} = {4CBAF097-62E5-36D6-BC25-1BBE704F6FA6}
	EndProjectSection
EndProject
Project("{8BC9CEB8-8B4A-11D0-8D11-00A0C91BC942}") = "singlepoint", "singlepoint.vcxproj", "{3CCAB2DA-7EE3-35AD-A220-2B0FD5D50473}"
	ProjectSection(ProjectDependencies) = postProject
		{40A05F5C-D976-3933-A4D5-5CCCC62EDA1B} = {40A05F5C-D976-3933-A4D5-5CCCC62EDA1B}
		{4CBAF097-62E5-36D6-BC25-1BBE704F6FA6} = {4CBAF097-62E5-36D6-BC25-1BBE704F6FA6}
	EndProjectSection
EndProject
Project("{8BC9CEB8-8B4A-11D0-8D11-00A0C91BC942}") = "singletri", "singletri.vcxproj", "{44CF1DC6-E014-3847-9C70-7B8AB95247DA}"
	ProjectSection(ProjectDependencies) = postProject
		{40A05F5C-D976-3933-A4D5-5CCCC62EDA1B} = {40A05F5C-D976-3933-A4D5-5CCCC62EDA1B}
		{4CBAF097-62E5-36D6-BC25-1BBE704F6FA6} = {4CBAF097-62E5-36D6-BC25-1BBE704F6FA6}
	EndProjectSection
EndProject
Project("{8BC9CEB8-8B4A-11D0-8D11-00A0C91BC942}") = "sparsetexture", "sparsetexture.vcxproj", "{C04B80C4-A5AA-35A9-9837-CD8C38437FE8}"
	ProjectSection(ProjectDependencies) = postProject
		{40A05F5C-D976-3933-A4D5-5CCCC62EDA1B} = {40A05F5C-D976-3933-A4D5-5CCCC62EDA1B}
		{4CBAF097-62E5-36D6-BC25-1BBE704F6FA6} = {4CBAF097-62E5-36D6-BC25-1BBE704F6FA6}
	EndProjectSection
EndProject
Project("{8BC9CEB8-8B4A-11D0-8D11-00A0C91BC942}") = "spinnycube", "spinnycube.vcxproj", "{D47667DE-6C25-32E7-8090-29B155844A1B}"
	ProjectSection(ProjectDependencies) = postProject
		{40A05F5C-D976-3933-A4D5-5CCCC62EDA1B} = {40A05F5C-D976-3933-A4D5-5CCCC62EDA1B}
		{4CBAF097-62E5-36D6-BC25-1BBE704F6FA6} = {4CBAF097-62E5-36D6-BC25-1BBE704F6FA6}
	EndProjectSection
EndProject
Project("{8BC9CEB8-8B4A-11D0-8D11-00A0C91BC942}") = "springmass", "springmass.vcxproj", "{342C52BE-6917-3D6C-9F37-A91F7F53803F}"
	ProjectSection(ProjectDependencies) = postProject
		{40A05F5C-D976-3933-A4D5-5CCCC62EDA1B} = {40A05F5C-D976-3933-A4D5-5CCCC62EDA1B}
		{4CBAF097-62E5-36D6-BC25-1BBE704F6FA6} = {4CBAF097-62E5-36D6-BC25-1BBE704F6FA6}
	EndProjectSection
EndProject
Project("{8BC9CEB8-8B4A-11D0-8D11-00A0C91BC942}") = "ssao", "ssao.vcxproj", "{C4AE34D3-A9F1-33D9-A57E-B8DB16E25DD9}"
	ProjectSection(ProjectDependencies) = postProject
		{40A05F5C-D976-3933-A4D5-5CCCC62EDA1B} = {40A05F5C-D976-3933-A4D5-5CCCC62EDA1B}
		{4CBAF097-62E5-36D6-BC25-1BBE704F6FA6} = {4CBAF097-62E5-36D6-BC25-1BBE704F6FA6}
	EndProjectSection
EndProject
Project("{8BC9CEB8-8B4A-11D0-8D11-00A0C91BC942}") = "starfield", "starfield.vcxproj", "{16F8BECC-EC7F-3110-A64F-86FCA770B9D1}"
	ProjectSection(ProjectDependencies) = postProject
		{40A05F5C-D976-3933-A4D5-5CCCC62EDA1B} = {40A05F5C-D976-3933-A4D5-5CCCC62EDA1B}
		{4CBAF097-62E5-36D6-BC25-1BBE704F6FA6} = {4CBAF097-62E5-36D6-BC25-1BBE704F6FA6}
	EndProjectSection
EndProject
Project("{8BC9CEB8-8B4A-11D0-8D11-00A0C91BC942}") = "stereo", "stereo.vcxproj", "{18C21616-40DD-3A55-94DC-3F2EF9B4B87F}"
	ProjectSection(ProjectDependencies) = postProject
		{40A05F5C-D976-3933-A4D5-5CCCC62EDA1B} = {40A05F5C-D976-3933-A4D5-5CCCC62EDA1B}
		{4CBAF097-62E5-36D6-BC25-1BBE704F6FA6} = {4CBAF097-62E5-36D6-BC25-1BBE704F6FA6}
	EndProjectSection
EndProject
Project("{8BC9CEB8-8B4A-11D0-8D11-00A0C91BC942}") = "subroutines", "subroutines.vcxproj", "{5F3EE51F-94E1-37E0-8A93-AD206217D1A9}"
	ProjectSection(ProjectDependencies) = postProject
		{40A05F5C-D976-3933-A4D5-5CCCC62EDA1B} = {40A05F5C-D976-3933-A4D5-5CCCC62EDA1B}
		{4CBAF097-62E5-36D6-BC25-1BBE704F6FA6} = {4CBAF097-62E5-36D6-BC25-1BBE704F6FA6}
	EndProjectSection
EndProject
Project("{8BC9CEB8-8B4A-11D0-8D11-00A0C91BC942}") = "tessellatedcube", "tessellatedcube.vcxproj", "{D3BDD05C-CC2A-365B-86D3-BD5321DADD25}"
	ProjectSection(ProjectDependencies) = postProject
		{40A05F5C-D976-3933-A4D5-5CCCC62EDA1B} = {40A05F5C-D976-3933-A4D5-5CCCC62EDA1B}
		{4CBAF097-62E5-36D6-BC25-1BBE704F6FA6} = {4CBAF097-62E5-36D6-BC25-1BBE704F6FA6}
	EndProjectSection
EndProject
Project("{8BC9CEB8-8B4A-11D0-8D11-00A0C91BC942}") = "tessellatedgstri", "tessellatedgstri.vcxproj", "{6BA70810-1C05-33ED-AA2A-29A1855890E6}"
	ProjectSection(ProjectDependencies) = postProject
		{40A05F5C-D976-3933-A4D5-5CCCC62EDA1B} = {40A05F5C-D976-3933-A4D5-5CCCC62EDA1B}
		{4CBAF097-62E5-36D6-BC25-1BBE704F6FA6} = {4CBAF097-62E5-36D6-BC25-1BBE704F6FA6}
	EndProjectSection
EndProject
Project("{8BC9CEB8-8B4A-11D0-8D11-00A0C91BC942}") = "tessellatedtri", "tessellatedtri.vcxproj", "{1CBB544C-949D-3F61-B102-417ECD4E6B7D}"
	ProjectSection(ProjectDependencies) = postProject
		{40A05F5C-D976-3933-A4D5-5CCCC62EDA1B} = {40A05F5C-D976-3933-A4D5-5CCCC62EDA1B}
		{4CBAF097-62E5-36D6-BC25-1BBE704F6FA6} = {4CBAF097-62E5-36D6-BC25-1BBE704F6FA6}
	EndProjectSection
EndProject
Project("{8BC9CEB8-8B4A-11D0-8D11-00A0C91BC942}") = "tessmodes", "tessmodes.vcxproj", "{02EE887C-9778-3577-AEB2-52A6EF0B69F5}"
	ProjectSection(ProjectDependencies) = postProject
		{40A05F5C-D976-3933-A4D5-5CCCC62EDA1B} = {40A05F5C-D976-3933-A4D5-5CCCC62EDA1B}
		{4CBAF097-62E5-36D6-BC25-1BBE704F6FA6} = {4CBAF097-62E5-36D6-BC25-1BBE704F6FA6}
	EndProjectSection
EndProject
Project("{8BC9CEB8-8B4A-11D0-8D11-00A0C91BC942}") = "tesssubdivmodes", "tesssubdivmodes.vcxproj", "{7919DCAF-E003-354F-BA5B-AA7436B654B4}"
	ProjectSection(ProjectDependencies) = postProject
		{40A05F5C-D976-3933-A4D5-5CCCC62EDA1B} = {40A05F5C-D976-3933-A4D5-5CCCC62EDA1B}
		{4CBAF097-62E5-36D6-BC25-1BBE704F6FA6} = {4CBAF097-62E5-36D6-BC25-1BBE704F6FA6}
	EndProjectSection
EndProject
Project("{8BC9CEB8-8B4A-11D0-8D11-00A0C91BC942}") = "toonshading", "toonshading.vcxproj", "{8DA7A936-6C94-32A4-8A51-1F1D6B3318B6}"
	ProjectSection(ProjectDependencies) = postProject
		{40A05F5C-D976-3933-A4D5-5CCCC62EDA1B} = {40A05F5C-D976-3933-A4D5-5CCCC62EDA1B}
		{4CBAF097-62E5-36D6-BC25-1BBE704F6FA6} = {4CBAF097-62E5-36D6-BC25-1BBE704F6FA6}
	EndProjectSection
EndProject
Project("{8BC9CEB8-8B4A-11D0-8D11-00A0C91BC942}") = "tunnel", "tunnel.vcxproj", "{6CCD698F-F59A-31C2-9A1E-2FA3CCF71744}"
	ProjectSection(ProjectDependencies) = postProject
		{40A05F5C-D976-3933-A4D5-5CCCC62EDA1B} = {40A05F5C-D976-3933-A4D5-5CCCC62EDA1B}
		{4CBAF097-62E5-36D6-BC25-1BBE704F6FA6} = {4CBAF097-62E5-36D6-BC25-1BBE704F6FA6}
	EndProjectSection
EndProject
Project("{8BC9CEB8-8B4A-11D0-8D11-00A0C91BC942}") = "wrapmodes", "wrapmodes.vcxproj", "{FE14F5C3-1590-365B-88DF-3F61175C944A}"
	ProjectSection(ProjectDependencies) = postProject
		{40A05F5C-D976-3933-A4D5-5CCCC62EDA1B} = {40A05F5C-D976-3933-A4D5-5CCCC62EDA1B}
		{4CBAF097-62E5-36D6-BC25-1BBE704F6FA6} = {4CBAF097-62E5-36D6-BC25-1BBE704F6FA6}
	EndProjectSection
EndProject
Global
	GlobalSection(SolutionConfigurationPlatforms) = preSolution
		Debug|x64 = Debug|x64
		Release|x64 = Release|x64
		MinSizeRel|x64 = MinSizeRel|x64
		RelWithDebInfo|x64 = RelWithDebInfo|x64
	EndGlobalSection
	GlobalSection(ProjectConfigurationPlatforms) = postSolution
		{60E5757B-7D48-3096-96A1-4C4EA35B7316}.Debug|x64.ActiveCfg = Debug|x64
		{60E5757B-7D48-3096-96A1-4C4EA35B7316}.Release|x64.ActiveCfg = Release|x64
		{60E5757B-7D48-3096-96A1-4C4EA35B7316}.MinSizeRel|x64.ActiveCfg = MinSizeRel|x64
		{60E5757B-7D48-3096-96A1-4C4EA35B7316}.RelWithDebInfo|x64.ActiveCfg = RelWithDebInfo|x64
		{40A05F5C-D976-3933-A4D5-5CCCC62EDA1B}.Debug|x64.ActiveCfg = Debug|x64
		{40A05F5C-D976-3933-A4D5-5CCCC62EDA1B}.Debug|x64.Build.0 = Debug|x64
		{40A05F5C-D976-3933-A4D5-5CCCC62EDA1B}.Release|x64.ActiveCfg = Release|x64
		{40A05F5C-D976-3933-A4D5-5CCCC62EDA1B}.Release|x64.Build.0 = Release|x64
		{40A05F5C-D976-3933-A4D5-5CCCC62EDA1B}.MinSizeRel|x64.ActiveCfg = MinSizeRel|x64
		{40A05F5C-D976-3933-A4D5-5CCCC62EDA1B}.MinSizeRel|x64.Build.0 = MinSizeRel|x64
		{40A05F5C-D976-3933-A4D5-5CCCC62EDA1B}.RelWithDebInfo|x64.ActiveCfg = RelWithDebInfo|x64
		{40A05F5C-D976-3933-A4D5-5CCCC62EDA1B}.RelWithDebInfo|x64.Build.0 = RelWithDebInfo|x64
		{EBB2C225-0C17-3A73-BD3E-E670302A1700}.Debug|x64.ActiveCfg = Debug|x64
		{EBB2C225-0C17-3A73-BD3E-E670302A1700}.Debug|x64.Build.0 = Debug|x64
		{EBB2C225-0C17-3A73-BD3E-E670302A1700}.Release|x64.ActiveCfg = Release|x64
		{EBB2C225-0C17-3A73-BD3E-E670302A1700}.Release|x64.Build.0 = Release|x64
		{EBB2C225-0C17-3A73-BD3E-E670302A1700}.MinSizeRel|x64.ActiveCfg = MinSizeRel|x64
		{EBB2C225-0C17-3A73-BD3E-E670302A1700}.MinSizeRel|x64.Build.0 = MinSizeRel|x64
		{EBB2C225-0C17-3A73-BD3E-E670302A1700}.RelWithDebInfo|x64.ActiveCfg = RelWithDebInfo|x64
		{EBB2C225-0C17-3A73-BD3E-E670302A1700}.RelWithDebInfo|x64.Build.0 = RelWithDebInfo|x64
		{F8FA3255-E535-38BA-937F-354C40F4E798}.Debug|x64.ActiveCfg = Debug|x64
		{F8FA3255-E535-38BA-937F-354C40F4E798}.Debug|x64.Build.0 = Debug|x64
		{F8FA3255-E535-38BA-937F-354C40F4E798}.Release|x64.ActiveCfg = Release|x64
		{F8FA3255-E535-38BA-937F-354C40F4E798}.Release|x64.Build.0 = Release|x64
		{F8FA3255-E535-38BA-937F-354C40F4E798}.MinSizeRel|x64.ActiveCfg = MinSizeRel|x64
		{F8FA3255-E535-38BA-937F-354C40F4E798}.MinSizeRel|x64.Build.0 = MinSizeRel|x64
		{F8FA3255-E535-38BA-937F-354C40F4E798}.RelWithDebInfo|x64.ActiveCfg = RelWithDebInfo|x64
		{F8FA3255-E535-38BA-937F-354C40F4E798}.RelWithDebInfo|x64.Build.0 = RelWithDebInfo|x64
		{3B411AA9-AD34-3F29-80F1-4D2E33D31480}.Debug|x64.ActiveCfg = Debug|x64
		{3B411AA9-AD34-3F29-80F1-4D2E33D31480}.Debug|x64.Build.0 = Debug|x64
		{3B411AA9-AD34-3F29-80F1-4D2E33D31480}.Release|x64.ActiveCfg = Release|x64
		{3B411AA9-AD34-3F29-80F1-4D2E33D31480}.Release|x64.Build.0 = Release|x64
		{3B411AA9-AD34-3F29-80F1-4D2E33D31480}.MinSizeRel|x64.ActiveCfg = MinSizeRel|x64
		{3B411AA9-AD34-3F29-80F1-4D2E33D31480}.MinSizeRel|x64.Build.0 = MinSizeRel|x64
		{3B411AA9-AD34-3F29-80F1-4D2E33D31480}.RelWithDebInfo|x64.ActiveCfg = RelWithDebInfo|x64
		{3B411AA9-AD34-3F29-80F1-4D2E33D31480}.RelWithDebInfo|x64.Build.0 = RelWithDebInfo|x64
		{A4045E12-CB2B-3384-9E28-782ED2732B25}.Debug|x64.ActiveCfg = Debug|x64
		{A4045E12-CB2B-3384-9E28-782ED2732B25}.Debug|x64.Build.0 = Debug|x64
		{A4045E12-CB2B-3384-9E28-782ED2732B25}.Release|x64.ActiveCfg = Release|x64
		{A4045E12-CB2B-3384-9E28-782ED2732B25}.Release|x64.Build.0 = Release|x64
		{A4045E12-CB2B-3384-9E28-782ED2732B25}.MinSizeRel|x64.ActiveCfg = MinSizeRel|x64
		{A4045E12-CB2B-3384-9E28-782ED2732B25}.MinSizeRel|x64.Build.0 = MinSizeRel|x64
		{A4045E12-CB2B-3384-9E28-782ED2732B25}.RelWithDebInfo|x64.ActiveCfg = RelWithDebInfo|x64
		{A4045E12-CB2B-3384-9E28-782ED2732B25}.RelWithDebInfo|x64.Build.0 = RelWithDebInfo|x64
		{A1D95375-08D1-32C7-AC38-7EF4FFA59F58}.Debug|x64.ActiveCfg = Debug|x64
		{A1D95375-08D1-32C7-AC38-7EF4FFA59F58}.Debug|x64.Build.0 = Debug|x64
		{A1D95375-08D1-32C7-AC38-7EF4FFA59F58}.Release|x64.ActiveCfg = Release|x64
		{A1D95375-08D1-32C7-AC38-7EF4FFA59F58}.Release|x64.Build.0 = Release|x64
		{A1D95375-08D1-32C7-AC38-7EF4FFA59F58}.MinSizeRel|x64.ActiveCfg = MinSizeRel|x64
		{A1D95375-08D1-32C7-AC38-7EF4FFA59F58}.MinSizeRel|x64.Build.0 = MinSizeRel|x64
		{A1D95375-08D1-32C7-AC38-7EF4FFA59F58}.RelWithDebInfo|x64.ActiveCfg = RelWithDebInfo|x64
		{A1D95375-08D1-32C7-AC38-7EF4FFA59F58}.RelWithDebInfo|x64.Build.0 = RelWithDebInfo|x64
		{2A59B3B1-E152-34B5-AD54-D8BF6247E37A}.Debug|x64.ActiveCfg = Debug|x64
		{2A59B3B1-E152-34B5-AD54-D8BF6247E37A}.Debug|x64.Build.0 = Debug|x64
		{2A59B3B1-E152-34B5-AD54-D8BF6247E37A}.Release|x64.ActiveCfg = Release|x64
		{2A59B3B1-E152-34B5-AD54-D8BF6247E37A}.Release|x64.Build.0 = Release|x64
		{2A59B3B1-E152-34B5-AD54-D8BF6247E37A}.MinSizeRel|x64.ActiveCfg = MinSizeRel|x64
		{2A59B3B1-E152-34B5-AD54-D8BF6247E37A}.MinSizeRel|x64.Build.0 = MinSizeRel|x64
		{2A59B3B1-E152-34B5-AD54-D8BF6247E37A}.RelWithDebInfo|x64.ActiveCfg = RelWithDebInfo|x64
		{2A59B3B1-E152-34B5-AD54-D8BF6247E37A}.RelWithDebInfo|x64.Build.0 = RelWithDebInfo|x64
		{8EC967E8-D3CC-3DF5-8A54-68AF3E101DF3}.Debug|x64.ActiveCfg = Debug|x64
		{8EC967E8-D3CC-3DF5-8A54-68AF3E101DF3}.Debug|x64.Build.0 = Debug|x64
		{8EC967E8-D3CC-3DF5-8A54-68AF3E101DF3}.Release|x64.ActiveCfg = Release|x64
		{8EC967E8-D3CC-3DF5-8A54-68AF3E101DF3}.Release|x64.Build.0 = Release|x64
		{8EC967E8-D3CC-3DF5-8A54-68AF3E101DF3}.MinSizeRel|x64.ActiveCfg = MinSizeRel|x64
		{8EC967E8-D3CC-3DF5-8A54-68AF3E101DF3}.MinSizeRel|x64.Build.0 = MinSizeRel|x64
		{8EC967E8-D3CC-3DF5-8A54-68AF3E101DF3}.RelWithDebInfo|x64.ActiveCfg = RelWithDebInfo|x64
		{8EC967E8-D3CC-3DF5-8A54-68AF3E101DF3}.RelWithDebInfo|x64.Build.0 = RelWithDebInfo|x64
		{41E8BB1A-5E7A-3C98-AFFC-7DAEF8570CA9}.Debug|x64.ActiveCfg = Debug|x64
		{41E8BB1A-5E7A-3C98-AFFC-7DAEF8570CA9}.Debug|x64.Build.0 = Debug|x64
		{41E8BB1A-5E7A-3C98-AFFC-7DAEF8570CA9}.Release|x64.ActiveCfg = Release|x64
		{41E8BB1A-5E7A-3C98-AFFC-7DAEF8570CA9}.Release|x64.Build.0 = Release|x64
		{41E8BB1A-5E7A-3C98-AFFC-7DAEF8570CA9}.MinSizeRel|x64.ActiveCfg = MinSizeRel|x64
		{41E8BB1A-5E7A-3C98-AFFC-7DAEF8570CA9}.MinSizeRel|x64.Build.0 = MinSizeRel|x64
		{41E8BB1A-5E7A-3C98-AFFC-7DAEF8570CA9}.RelWithDebInfo|x64.ActiveCfg = RelWithDebInfo|x64
		{41E8BB1A-5E7A-3C98-AFFC-7DAEF8570CA9}.RelWithDebInfo|x64.Build.0 = RelWithDebInfo|x64
		{9006B4B2-3483-3BB4-9BC8-2422CCA72D72}.Debug|x64.ActiveCfg = Debug|x64
		{9006B4B2-3483-3BB4-9BC8-2422CCA72D72}.Debug|x64.Build.0 = Debug|x64
		{9006B4B2-3483-3BB4-9BC8-2422CCA72D72}.Release|x64.ActiveCfg = Release|x64
		{9006B4B2-3483-3BB4-9BC8-2422CCA72D72}.Release|x64.Build.0 = Release|x64
		{9006B4B2-3483-3BB4-9BC8-2422CCA72D72}.MinSizeRel|x64.ActiveCfg = MinSizeRel|x64
		{9006B4B2-3483-3BB4-9BC8-2422CCA72D72}.MinSizeRel|x64.Build.0 = MinSizeRel|x64
		{9006B4B2-3483-3BB4-9BC8-2422CCA72D72}.RelWithDebInfo|x64.ActiveCfg = RelWithDebInfo|x64
		{9006B4B2-3483-3BB4-9BC8-2422CCA72D72}.RelWithDebInfo|x64.Build.0 = RelWithDebInfo|x64
		{13AC9EF9-2C2D-3700-B553-219B8C80AA54}.Debug|x64.ActiveCfg = Debug|x64
		{13AC9EF9-2C2D-3700-B553-219B8C80AA54}.Debug|x64.Build.0 = Debug|x64
		{13AC9EF9-2C2D-3700-B553-219B8C80AA54}.Release|x64.ActiveCfg = Release|x64
		{13AC9EF9-2C2D-3700-B553-219B8C80AA54}.Release|x64.Build.0 = Release|x64
		{13AC9EF9-2C2D-3700-B553-219B8C80AA54}.MinSizeRel|x64.ActiveCfg = MinSizeRel|x64
		{13AC9EF9-2C2D-3700-B553-219B8C80AA54}.MinSizeRel|x64.Build.0 = MinSizeRel|x64
		{13AC9EF9-2C2D-3700-B553-219B8C80AA54}.RelWithDebInfo|x64.ActiveCfg = RelWithDebInfo|x64
		{13AC9EF9-2C2D-3700-B553-219B8C80AA54}.RelWithDebInfo|x64.Build.0 = RelWithDebInfo|x64
		{0FCEBCA3-6D0D-3996-91E7-1A194193DC60}.Debug|x64.ActiveCfg = Debug|x64
		{0FCEBCA3-6D0D-3996-91E7-1A194193DC60}.Debug|x64.Build.0 = Debug|x64
		{0FCEBCA3-6D0D-3996-91E7-1A194193DC60}.Release|x64.ActiveCfg = Release|x64
		{0FCEBCA3-6D0D-3996-91E7-1A194193DC60}.Release|x64.Build.0 = Release|x64
		{0FCEBCA3-6D0D-3996-91E7-1A194193DC60}.MinSizeRel|x64.ActiveCfg = MinSizeRel|x64
		{0FCEBCA3-6D0D-3996-91E7-1A194193DC60}.MinSizeRel|x64.Build.0 = MinSizeRel|x64
		{0FCEBCA3-6D0D-3996-91E7-1A194193DC60}.RelWithDebInfo|x64.ActiveCfg = RelWithDebInfo|x64
		{0FCEBCA3-6D0D-3996-91E7-1A194193DC60}.RelWithDebInfo|x64.Build.0 = RelWithDebInfo|x64
		{1168A1B0-CF73-3C04-A0AC-333112F83A8E}.Debug|x64.ActiveCfg = Debug|x64
		{1168A1B0-CF73-3C04-A0AC-333112F83A8E}.Debug|x64.Build.0 = Debug|x64
		{1168A1B0-CF73-3C04-A0AC-333112F83A8E}.Release|x64.ActiveCfg = Release|x64
		{1168A1B0-CF73-3C04-A0AC-333112F83A8E}.Release|x64.Build.0 = Release|x64
		{1168A1B0-CF73-3C04-A0AC-333112F83A8E}.MinSizeRel|x64.ActiveCfg = MinSizeRel|x64
		{1168A1B0-CF73-3C04-A0AC-333112F83A8E}.MinSizeRel|x64.Build.0 = MinSizeRel|x64
		{1168A1B0-CF73-3C04-A0AC-333112F83A8E}.RelWithDebInfo|x64.ActiveCfg = RelWithDebInfo|x64
		{1168A1B0-CF73-3C04-A0AC-333112F83A8E}.RelWithDebInfo|x64.Build.0 = RelWithDebInfo|x64
		{B0ABDDEE-5A05-36C7-984D-C3D6CCCCED2F}.Debug|x64.ActiveCfg = Debug|x64
		{B0ABDDEE-5A05-36C7-984D-C3D6CCCCED2F}.Release|x64.ActiveCfg = Release|x64
		{B0ABDDEE-5A05-36C7-984D-C3D6CCCCED2F}.MinSizeRel|x64.ActiveCfg = MinSizeRel|x64
		{B0ABDDEE-5A05-36C7-984D-C3D6CCCCED2F}.RelWithDebInfo|x64.ActiveCfg = RelWithDebInfo|x64
		{61619ECD-3E90-310C-B938-AAB701E7A77D}.Debug|x64.ActiveCfg = Debug|x64
		{61619ECD-3E90-310C-B938-AAB701E7A77D}.Debug|x64.Build.0 = Debug|x64
		{61619ECD-3E90-310C-B938-AAB701E7A77D}.Release|x64.ActiveCfg = Release|x64
		{61619ECD-3E90-310C-B938-AAB701E7A77D}.Release|x64.Build.0 = Release|x64
		{61619ECD-3E90-310C-B938-AAB701E7A77D}.MinSizeRel|x64.ActiveCfg = MinSizeRel|x64
		{61619ECD-3E90-310C-B938-AAB701E7A77D}.MinSizeRel|x64.Build.0 = MinSizeRel|x64
		{61619ECD-3E90-310C-B938-AAB701E7A77D}.RelWithDebInfo|x64.ActiveCfg = RelWithDebInfo|x64
		{61619ECD-3E90-310C-B938-AAB701E7A77D}.RelWithDebInfo|x64.Build.0 = RelWithDebInfo|x64
		{1B5E8AB5-A998-30CB-8FE1-147F6807AE44}.Debug|x64.ActiveCfg = Debug|x64
		{1B5E8AB5-A998-30CB-8FE1-147F6807AE44}.Debug|x64.Build.0 = Debug|x64
		{1B5E8AB5-A998-30CB-8FE1-147F6807AE44}.Release|x64.ActiveCfg = Release|x64
		{1B5E8AB5-A998-30CB-8FE1-147F6807AE44}.Release|x64.Build.0 = Release|x64
		{1B5E8AB5-A998-30CB-8FE1-147F6807AE44}.MinSizeRel|x64.ActiveCfg = MinSizeRel|x64
		{1B5E8AB5-A998-30CB-8FE1-147F6807AE44}.MinSizeRel|x64.Build.0 = MinSizeRel|x64
		{1B5E8AB5-A998-30CB-8FE1-147F6807AE44}.RelWithDebInfo|x64.ActiveCfg = RelWithDebInfo|x64
		{1B5E8AB5-A998-30CB-8FE1-147F6807AE44}.RelWithDebInfo|x64.Build.0 = RelWithDebInfo|x64
		{78EBD1F1-48DD-34D9-BB1E-2A80C8907385}.Debug|x64.ActiveCfg = Debug|x64
		{78EBD1F1-48DD-34D9-BB1E-2A80C8907385}.Debug|x64.Build.0 = Debug|x64
		{78EBD1F1-48DD-34D9-BB1E-2A80C8907385}.Release|x64.ActiveCfg = Release|x64
		{78EBD1F1-48DD-34D9-BB1E-2A80C8907385}.Release|x64.Build.0 = Release|x64
		{78EBD1F1-48DD-34D9-BB1E-2A80C8907385}.MinSizeRel|x64.ActiveCfg = MinSizeRel|x64
		{78EBD1F1-48DD-34D9-BB1E-2A80C8907385}.MinSizeRel|x64.Build.0 = MinSizeRel|x64
		{78EBD1F1-48DD-34D9-BB1E-2A80C8907385}.RelWithDebInfo|x64.ActiveCfg = RelWithDebInfo|x64
		{78EBD1F1-48DD-34D9-BB1E-2A80C8907385}.RelWithDebInfo|x64.Build.0 = RelWithDebInfo|x64
		{8CA2CA1D-17F3-3903-BEFF-A7301FFC38F9}.Debug|x64.ActiveCfg = Debug|x64
		{8CA2CA1D-17F3-3903-BEFF-A7301FFC38F9}.Debug|x64.Build.0 = Debug|x64
		{8CA2CA1D-17F3-3903-BEFF-A7301FFC38F9}.Release|x64.ActiveCfg = Release|x64
		{8CA2CA1D-17F3-3903-BEFF-A7301FFC38F9}.Release|x64.Build.0 = Release|x64
		{8CA2CA1D-17F3-3903-BEFF-A7301FFC38F9}.MinSizeRel|x64.ActiveCfg = MinSizeRel|x64
		{8CA2CA1D-17F3-3903-BEFF-A7301FFC38F9}.MinSizeRel|x64.Build.0 = MinSizeRel|x64
		{8CA2CA1D-17F3-3903-BEFF-A7301FFC38F9}.RelWithDebInfo|x64.ActiveCfg = RelWithDebInfo|x64
		{8CA2CA1D-17F3-3903-BEFF-A7301FFC38F9}.RelWithDebInfo|x64.Build.0 = RelWithDebInfo|x64
		{1EFAFD9C-6904-3F70-98B3-657CF529FE8C}.Debug|x64.ActiveCfg = Debug|x64
		{1EFAFD9C-6904-3F70-98B3-657CF529FE8C}.Debug|x64.Build.0 = Debug|x64
		{1EFAFD9C-6904-3F70-98B3-657CF529FE8C}.Release|x64.ActiveCfg = Release|x64
		{1EFAFD9C-6904-3F70-98B3-657CF529FE8C}.Release|x64.Build.0 = Release|x64
		{1EFAFD9C-6904-3F70-98B3-657CF529FE8C}.MinSizeRel|x64.ActiveCfg = MinSizeRel|x64
		{1EFAFD9C-6904-3F70-98B3-657CF529FE8C}.MinSizeRel|x64.Build.0 = MinSizeRel|x64
		{1EFAFD9C-6904-3F70-98B3-657CF529FE8C}.RelWithDebInfo|x64.ActiveCfg = RelWithDebInfo|x64
		{1EFAFD9C-6904-3F70-98B3-657CF529FE8C}.RelWithDebInfo|x64.Build.0 = RelWithDebInfo|x64
		{42E515FB-D726-3DD6-B61F-820CCD9574E7}.Debug|x64.ActiveCfg = Debug|x64
		{42E515FB-D726-3DD6-B61F-820CCD9574E7}.Debug|x64.Build.0 = Debug|x64
		{42E515FB-D726-3DD6-B61F-820CCD9574E7}.Release|x64.ActiveCfg = Release|x64
		{42E515FB-D726-3DD6-B61F-820CCD9574E7}.Release|x64.Build.0 = Release|x64
		{42E515FB-D726-3DD6-B61F-820CCD9574E7}.MinSizeRel|x64.ActiveCfg = MinSizeRel|x64
		{42E515FB-D726-3DD6-B61F-820CCD9574E7}.MinSizeRel|x64.Build.0 = MinSizeRel|x64
		{42E515FB-D726-3DD6-B61F-820CCD9574E7}.RelWithDebInfo|x64.ActiveCfg = RelWithDebInfo|x64
		{42E515FB-D726-3DD6-B61F-820CCD9574E7}.RelWithDebInfo|x64.Build.0 = RelWithDebInfo|x64
		{D38768A3-1472-3D76-BCA1-143696D6A16D}.Debug|x64.ActiveCfg = Debug|x64
		{D38768A3-1472-3D76-BCA1-143696D6A16D}.Debug|x64.Build.0 = Debug|x64
		{D38768A3-1472-3D76-BCA1-143696D6A16D}.Release|x64.ActiveCfg = Release|x64
		{D38768A3-1472-3D76-BCA1-143696D6A16D}.Release|x64.Build.0 = Release|x64
		{D38768A3-1472-3D76-BCA1-143696D6A16D}.MinSizeRel|x64.ActiveCfg = MinSizeRel|x64
		{D38768A3-1472-3D76-BCA1-143696D6A16D}.MinSizeRel|x64.Build.0 = MinSizeRel|x64
		{D38768A3-1472-3D76-BCA1-143696D6A16D}.RelWithDebInfo|x64.ActiveCfg = RelWithDebInfo|x64
		{D38768A3-1472-3D76-BCA1-143696D6A16D}.RelWithDebInfo|x64.Build.0 = RelWithDebInfo|x64
		{11451D2A-16A1-32EA-8640-B2404FE5A75F}.Debug|x64.ActiveCfg = Debug|x64
		{11451D2A-16A1-32EA-8640-B2404FE5A75F}.Debug|x64.Build.0 = Debug|x64
		{11451D2A-16A1-32EA-8640-B2404FE5A75F}.Release|x64.ActiveCfg = Release|x64
		{11451D2A-16A1-32EA-8640-B2404FE5A75F}.Release|x64.Build.0 = Release|x64
		{11451D2A-16A1-32EA-8640-B2404FE5A75F}.MinSizeRel|x64.ActiveCfg = MinSizeRel|x64
		{11451D2A-16A1-32EA-8640-B2404FE5A75F}.MinSizeRel|x64.Build.0 = MinSizeRel|x64
		{11451D2A-16A1-32EA-8640-B2404FE5A75F}.RelWithDebInfo|x64.ActiveCfg = RelWithDebInfo|x64
		{11451D2A-16A1-32EA-8640-B2404FE5A75F}.RelWithDebInfo|x64.Build.0 = RelWithDebInfo|x64
		{13BA6FA9-994B-3720-9CC9-BE853D405FD6}.Debug|x64.ActiveCfg = Debug|x64
		{13BA6FA9-994B-3720-9CC9-BE853D405FD6}.Debug|x64.Build.0 = Debug|x64
		{13BA6FA9-994B-3720-9CC9-BE853D405FD6}.Release|x64.ActiveCfg = Release|x64
		{13BA6FA9-994B-3720-9CC9-BE853D405FD6}.Release|x64.Build.0 = Release|x64
		{13BA6FA9-994B-3720-9CC9-BE853D405FD6}.MinSizeRel|x64.ActiveCfg = MinSizeRel|x64
		{13BA6FA9-994B-3720-9CC9-BE853D405FD6}.MinSizeRel|x64.Build.0 = MinSizeRel|x64
		{13BA6FA9-994B-3720-9CC9-BE853D405FD6}.RelWithDebInfo|x64.ActiveCfg = RelWithDebInfo|x64
		{13BA6FA9-994B-3720-9CC9-BE853D405FD6}.RelWithDebInfo|x64.Build.0 = RelWithDebInfo|x64
		{D56E7EC3-FFE3-3C1F-9156-15C4038D9A23}.Debug|x64.ActiveCfg = Debug|x64
		{D56E7EC3-FFE3-3C1F-9156-15C4038D9A23}.Debug|x64.Build.0 = Debug|x64
		{D56E7EC3-FFE3-3C1F-9156-15C4038D9A23}.Release|x64.ActiveCfg = Release|x64
		{D56E7EC3-FFE3-3C1F-9156-15C4038D9A23}.Release|x64.Build.0 = Release|x64
		{D56E7EC3-FFE3-3C1F-9156-15C4038D9A23}.MinSizeRel|x64.ActiveCfg = MinSizeRel|x64
		{D56E7EC3-FFE3-3C1F-9156-15C4038D9A23}.MinSizeRel|x64.Build.0 = MinSizeRel|x64
		{D56E7EC3-FFE3-3C1F-9156-15C4038D9A23}.RelWithDebInfo|x64.ActiveCfg = RelWithDebInfo|x64
		{D56E7EC3-FFE3-3C1F-9156-15C4038D9A23}.RelWithDebInfo|x64.Build.0 = RelWithDebInfo|x64
		{FC4BE483-EBCF-3E8B-BE83-B27E57611097}.Debug|x64.ActiveCfg = Debug|x64
		{FC4BE483-EBCF-3E8B-BE83-B27E57611097}.Debug|x64.Build.0 = Debug|x64
		{FC4BE483-EBCF-3E8B-BE83-B27E57611097}.Release|x64.ActiveCfg = Release|x64
		{FC4BE483-EBCF-3E8B-BE83-B27E57611097}.Release|x64.Build.0 = Release|x64
		{FC4BE483-EBCF-3E8B-BE83-B27E57611097}.MinSizeRel|x64.ActiveCfg = MinSizeRel|x64
		{FC4BE483-EBCF-3E8B-BE83-B27E57611097}.MinSizeRel|x64.Build.0 = MinSizeRel|x64
		{FC4BE483-EBCF-3E8B-BE83-B27E57611097}.RelWithDebInfo|x64.ActiveCfg = RelWithDebInfo|x64
		{FC4BE483-EBCF-3E8B-BE83-B27E57611097}.RelWithDebInfo|x64.Build.0 = RelWithDebInfo|x64
		{7D8831F6-1C3F-35F2-930F-603869C1646B}.Debug|x64.ActiveCfg = Debug|x64
		{7D8831F6-1C3F-35F2-930F-603869C1646B}.Debug|x64.Build.0 = Debug|x64
		{7D8831F6-1C3F-35F2-930F-603869C1646B}.Release|x64.ActiveCfg = Release|x64
		{7D8831F6-1C3F-35F2-930F-603869C1646B}.Release|x64.Build.0 = Release|x64
		{7D8831F6-1C3F-35F2-930F-603869C1646B}.MinSizeRel|x64.ActiveCfg = MinSizeRel|x64
		{7D8831F6-1C3F-35F2-930F-603869C1646B}.MinSizeRel|x64.Build.0 = MinSizeRel|x64
		{7D8831F6-1C3F-35F2-930F-603869C1646B}.RelWithDebInfo|x64.ActiveCfg = RelWithDebInfo|x64
		{7D8831F6-1C3F-35F2-930F-603869C1646B}.RelWithDebInfo|x64.Build.0 = RelWithDebInfo|x64
		{6265BEFE-8D6D-3446-9B0B-C3CB2E9BDFF6}.Debug|x64.ActiveCfg = Debug|x64
		{6265BEFE-8D6D-3446-9B0B-C3CB2E9BDFF6}.Debug|x64.Build.0 = Debug|x64
		{6265BEFE-8D6D-3446-9B0B-C3CB2E9BDFF6}.Release|x64.ActiveCfg = Release|x64
		{6265BEFE-8D6D-3446-9B0B-C3CB2E9BDFF6}.Release|x64.Build.0 = Release|x64
		{6265BEFE-8D6D-3446-9B0B-C3CB2E9BDFF6}.MinSizeRel|x64.ActiveCfg = MinSizeRel|x64
		{6265BEFE-8D6D-3446-9B0B-C3CB2E9BDFF6}.MinSizeRel|x64.Build.0 = MinSizeRel|x64
		{6265BEFE-8D6D-3446-9B0B-C3CB2E9BDFF6}.RelWithDebInfo|x64.ActiveCfg = RelWithDebInfo|x64
		{6265BEFE-8D6D-3446-9B0B-C3CB2E9BDFF6}.RelWithDebInfo|x64.Build.0 = RelWithDebInfo|x64
		{E8CB223D-04A2-3C9C-A9FF-9A9DD73B6A6E}.Debug|x64.ActiveCfg = Debug|x64
		{E8CB223D-04A2-3C9C-A9FF-9A9DD73B6A6E}.Debug|x64.Build.0 = Debug|x64
		{E8CB223D-04A2-3C9C-A9FF-9A9DD73B6A6E}.Release|x64.ActiveCfg = Release|x64
		{E8CB223D-04A2-3C9C-A9FF-9A9DD73B6A6E}.Release|x64.Build.0 = Release|x64
		{E8CB223D-04A2-3C9C-A9FF-9A9DD73B6A6E}.MinSizeRel|x64.ActiveCfg = MinSizeRel|x64
		{E8CB223D-04A2-3C9C-A9FF-9A9DD73B6A6E}.MinSizeRel|x64.Build.0 = MinSizeRel|x64
		{E8CB223D-04A2-3C9C-A9FF-9A9DD73B6A6E}.RelWithDebInfo|x64.ActiveCfg = RelWithDebInfo|x64
		{E8CB223D-04A2-3C9C-A9FF-9A9DD73B6A6E}.RelWithDebInfo|x64.Build.0 = RelWithDebInfo|x64
		{57ECA441-0DFF-3F70-BFAA-C3F5FEFF456A}.Debug|x64.ActiveCfg = Debug|x64
		{57ECA441-0DFF-3F70-BFAA-C3F5FEFF456A}.Debug|x64.Build.0 = Debug|x64
		{57ECA441-0DFF-3F70-BFAA-C3F5FEFF456A}.Release|x64.ActiveCfg = Release|x64
		{57ECA441-0DFF-3F70-BFAA-C3F5FEFF456A}.Release|x64.Build.0 = Release|x64
		{57ECA441-0DFF-3F70-BFAA-C3F5FEFF456A}.MinSizeRel|x64.ActiveCfg = MinSizeRel|x64
		{57ECA441-0DFF-3F70-BFAA-C3F5FEFF456A}.MinSizeRel|x64.Build.0 = MinSizeRel|x64
		{57ECA441-0DFF-3F70-BFAA-C3F5FEFF456A}.RelWithDebInfo|x64.ActiveCfg = RelWithDebInfo|x64
		{57ECA441-0DFF-3F70-BFAA-C3F5FEFF456A}.RelWithDebInfo|x64.Build.0 = RelWithDebInfo|x64
		{52B3A48D-70D7-36C0-BD33-778E330C0371}.Debug|x64.ActiveCfg = Debug|x64
		{52B3A48D-70D7-36C0-BD33-778E330C0371}.Debug|x64.Build.0 = Debug|x64
		{52B3A48D-70D7-36C0-BD33-778E330C0371}.Release|x64.ActiveCfg = Release|x64
		{52B3A48D-70D7-36C0-BD33-778E330C0371}.Release|x64.Build.0 = Release|x64
		{52B3A48D-70D7-36C0-BD33-778E330C0371}.MinSizeRel|x64.ActiveCfg = MinSizeRel|x64
		{52B3A48D-70D7-36C0-BD33-778E330C0371}.MinSizeRel|x64.Build.0 = MinSizeRel|x64
		{52B3A48D-70D7-36C0-BD33-778E330C0371}.RelWithDebInfo|x64.ActiveCfg = RelWithDebInfo|x64
		{52B3A48D-70D7-36C0-BD33-778E330C0371}.RelWithDebInfo|x64.Build.0 = RelWithDebInfo|x64
		{3FF3C453-D8E6-3BB6-8C35-43AE8EFF2EB5}.Debug|x64.ActiveCfg = Debug|x64
		{3FF3C453-D8E6-3BB6-8C35-43AE8EFF2EB5}.Debug|x64.Build.0 = Debug|x64
		{3FF3C453-D8E6-3BB6-8C35-43AE8EFF2EB5}.Release|x64.ActiveCfg = Release|x64
		{3FF3C453-D8E6-3BB6-8C35-43AE8EFF2EB5}.Release|x64.Build.0 = Release|x64
		{3FF3C453-D8E6-3BB6-8C35-43AE8EFF2EB5}.MinSizeRel|x64.ActiveCfg = MinSizeRel|x64
		{3FF3C453-D8E6-3BB6-8C35-43AE8EFF2EB5}.MinSizeRel|x64.Build.0 = MinSizeRel|x64
		{3FF3C453-D8E6-3BB6-8C35-43AE8EFF2EB5}.RelWithDebInfo|x64.ActiveCfg = RelWithDebInfo|x64
		{3FF3C453-D8E6-3BB6-8C35-43AE8EFF2EB5}.RelWithDebInfo|x64.Build.0 = RelWithDebInfo|x64
		{A56B6DCB-CF94-3687-A5CD-B9AF7A8B051C}.Debug|x64.ActiveCfg = Debug|x64
		{A56B6DCB-CF94-3687-A5CD-B9AF7A8B051C}.Debug|x64.Build.0 = Debug|x64
		{A56B6DCB-CF94-3687-A5CD-B9AF7A8B051C}.Release|x64.ActiveCfg = Release|x64
		{A56B6DCB-CF94-3687-A5CD-B9AF7A8B051C}.Release|x64.Build.0 = Release|x64
		{A56B6DCB-CF94-3687-A5CD-B9AF7A8B051C}.MinSizeRel|x64.ActiveCfg = MinSizeRel|x64
		{A56B6DCB-CF94-3687-A5CD-B9AF7A8B051C}.MinSizeRel|x64.Build.0 = MinSizeRel|x64
		{A56B6DCB-CF94-3687-A5CD-B9AF7A8B051C}.RelWithDebInfo|x64.ActiveCfg = RelWithDebInfo|x64
		{A56B6DCB-CF94-3687-A5CD-B9AF7A8B051C}.RelWithDebInfo|x64.Build.0 = RelWithDebInfo|x64
		{52171D66-D9E7-3CE7-A03C-AEFDC31BB3D6}.Debug|x64.ActiveCfg = Debug|x64
		{52171D66-D9E7-3CE7-A03C-AEFDC31BB3D6}.Debug|x64.Build.0 = Debug|x64
		{52171D66-D9E7-3CE7-A03C-AEFDC31BB3D6}.Release|x64.ActiveCfg = Release|x64
		{52171D66-D9E7-3CE7-A03C-AEFDC31BB3D6}.Release|x64.Build.0 = Release|x64
		{52171D66-D9E7-3CE7-A03C-AEFDC31BB3D6}.MinSizeRel|x64.ActiveCfg = MinSizeRel|x64
		{52171D66-D9E7-3CE7-A03C-AEFDC31BB3D6}.MinSizeRel|x64.Build.0 = MinSizeRel|x64
		{52171D66-D9E7-3CE7-A03C-AEFDC31BB3D6}.RelWithDebInfo|x64.ActiveCfg = RelWithDebInfo|x64
		{52171D66-D9E7-3CE7-A03C-AEFDC31BB3D6}.RelWithDebInfo|x64.Build.0 = RelWithDebInfo|x64
		{693247DD-DC13-348E-B84D-65A88CC54655}.Debug|x64.ActiveCfg = Debug|x64
		{693247DD-DC13-348E-B84D-65A88CC54655}.Debug|x64.Build.0 = Debug|x64
		{693247DD-DC13-348E-B84D-65A88CC54655}.Release|x64.ActiveCfg = Release|x64
		{693247DD-DC13-348E-B84D-65A88CC54655}.Release|x64.Build.0 = Release|x64
		{693247DD-DC13-348E-B84D-65A88CC54655}.MinSizeRel|x64.ActiveCfg = MinSizeRel|x64
		{693247DD-DC13-348E-B84D-65A88CC54655}.MinSizeRel|x64.Build.0 = MinSizeRel|x64
		{693247DD-DC13-348E-B84D-65A88CC54655}.RelWithDebInfo|x64.ActiveCfg = RelWithDebInfo|x64
		{693247DD-DC13-348E-B84D-65A88CC54655}.RelWithDebInfo|x64.Build.0 = RelWithDebInfo|x64
		{6CCBD593-C511-378C-A87A-F8626E1AD2B5}.Debug|x64.ActiveCfg = Debug|x64
		{6CCBD593-C511-378C-A87A-F8626E1AD2B5}.Debug|x64.Build.0 = Debug|x64
		{6CCBD593-C511-378C-A87A-F8626E1AD2B5}.Release|x64.ActiveCfg = Release|x64
		{6CCBD593-C511-378C-A87A-F8626E1AD2B5}.Release|x64.Build.0 = Release|x64
		{6CCBD593-C511-378C-A87A-F8626E1AD2B5}.MinSizeRel|x64.ActiveCfg = MinSizeRel|x64
		{6CCBD593-C511-378C-A87A-F8626E1AD2B5}.MinSizeRel|x64.Build.0 = MinSizeRel|x64
		{6CCBD593-C511-378C-A87A-F8626E1AD2B5}.RelWithDebInfo|x64.ActiveCfg = RelWithDebInfo|x64
		{6CCBD593-C511-378C-A87A-F8626E1AD2B5}.RelWithDebInfo|x64.Build.0 = RelWithDebInfo|x64
		{97D6BB1D-8B2E-315B-BE2F-88F64A529A64}.Debug|x64.ActiveCfg = Debug|x64
		{97D6BB1D-8B2E-315B-BE2F-88F64A529A64}.Debug|x64.Build.0 = Debug|x64
		{97D6BB1D-8B2E-315B-BE2F-88F64A529A64}.Release|x64.ActiveCfg = Release|x64
		{97D6BB1D-8B2E-315B-BE2F-88F64A529A64}.Release|x64.Build.0 = Release|x64
		{97D6BB1D-8B2E-315B-BE2F-88F64A529A64}.MinSizeRel|x64.ActiveCfg = MinSizeRel|x64
		{97D6BB1D-8B2E-315B-BE2F-88F64A529A64}.MinSizeRel|x64.Build.0 = MinSizeRel|x64
		{97D6BB1D-8B2E-315B-BE2F-88F64A529A64}.RelWithDebInfo|x64.ActiveCfg = RelWithDebInfo|x64
		{97D6BB1D-8B2E-315B-BE2F-88F64A529A64}.RelWithDebInfo|x64.Build.0 = RelWithDebInfo|x64
		{9262EF81-0895-31E6-9DE0-953248A34ED8}.Debug|x64.ActiveCfg = Debug|x64
		{9262EF81-0895-31E6-9DE0-953248A34ED8}.Debug|x64.Build.0 = Debug|x64
		{9262EF81-0895-31E6-9DE0-953248A34ED8}.Release|x64.ActiveCfg = Release|x64
		{9262EF81-0895-31E6-9DE0-953248A34ED8}.Release|x64.Build.0 = Release|x64
		{9262EF81-0895-31E6-9DE0-953248A34ED8}.MinSizeRel|x64.ActiveCfg = MinSizeRel|x64
		{9262EF81-0895-31E6-9DE0-953248A34ED8}.MinSizeRel|x64.Build.0 = MinSizeRel|x64
		{9262EF81-0895-31E6-9DE0-953248A34ED8}.RelWithDebInfo|x64.ActiveCfg = RelWithDebInfo|x64
		{9262EF81-0895-31E6-9DE0-953248A34ED8}.RelWithDebInfo|x64.Build.0 = RelWithDebInfo|x64
		{930CAD72-A9EB-3329-920A-0C7FDACCA1E8}.Debug|x64.ActiveCfg = Debug|x64
		{930CAD72-A9EB-3329-920A-0C7FDACCA1E8}.Debug|x64.Build.0 = Debug|x64
		{930CAD72-A9EB-3329-920A-0C7FDACCA1E8}.Release|x64.ActiveCfg = Release|x64
		{930CAD72-A9EB-3329-920A-0C7FDACCA1E8}.Release|x64.Build.0 = Release|x64
		{930CAD72-A9EB-3329-920A-0C7FDACCA1E8}.MinSizeRel|x64.ActiveCfg = MinSizeRel|x64
		{930CAD72-A9EB-3329-920A-0C7FDACCA1E8}.MinSizeRel|x64.Build.0 = MinSizeRel|x64
		{930CAD72-A9EB-3329-920A-0C7FDACCA1E8}.RelWithDebInfo|x64.ActiveCfg = RelWithDebInfo|x64
		{930CAD72-A9EB-3329-920A-0C7FDACCA1E8}.RelWithDebInfo|x64.Build.0 = RelWithDebInfo|x64
		{E9FA29AA-5E44-39A8-A6DD-D5388E2C794F}.Debug|x64.ActiveCfg = Debug|x64
		{E9FA29AA-5E44-39A8-A6DD-D5388E2C794F}.Debug|x64.Build.0 = Debug|x64
		{E9FA29AA-5E44-39A8-A6DD-D5388E2C794F}.Release|x64.ActiveCfg = Release|x64
		{E9FA29AA-5E44-39A8-A6DD-D5388E2C794F}.Release|x64.Build.0 = Release|x64
		{E9FA29AA-5E44-39A8-A6DD-D5388E2C794F}.MinSizeRel|x64.ActiveCfg = MinSizeRel|x64
		{E9FA29AA-5E44-39A8-A6DD-D5388E2C794F}.MinSizeRel|x64.Build.0 = MinSizeRel|x64
		{E9FA29AA-5E44-39A8-A6DD-D5388E2C794F}.RelWithDebInfo|x64.ActiveCfg = RelWithDebInfo|x64
		{E9FA29AA-5E44-39A8-A6DD-D5388E2C794F}.RelWithDebInfo|x64.Build.0 = RelWithDebInfo|x64
		{822E69EB-EA58-3172-8A20-D47C3F1459EE}.Debug|x64.ActiveCfg = Debug|x64
		{822E69EB-EA58-3172-8A20-D47C3F1459EE}.Debug|x64.Build.0 = Debug|x64
		{822E69EB-EA58-3172-8A20-D47C3F1459EE}.Release|x64.ActiveCfg = Release|x64
		{822E69EB-EA58-3172-8A20-D47C3F1459EE}.Release|x64.Build.0 = Release|x64
		{822E69EB-EA58-3172-8A20-D47C3F1459EE}.MinSizeRel|x64.ActiveCfg = MinSizeRel|x64
		{822E69EB-EA58-3172-8A20-D47C3F1459EE}.MinSizeRel|x64.Build.0 = MinSizeRel|x64
		{822E69EB-EA58-3172-8A20-D47C3F1459EE}.RelWithDebInfo|x64.ActiveCfg = RelWithDebInfo|x64
		{822E69EB-EA58-3172-8A20-D47C3F1459EE}.RelWithDebInfo|x64.Build.0 = RelWithDebInfo|x64
		{46A7CC8C-4F23-3BC2-9C62-B053FA7BEFB7}.Debug|x64.ActiveCfg = Debug|x64
		{46A7CC8C-4F23-3BC2-9C62-B053FA7BEFB7}.Debug|x64.Build.0 = Debug|x64
		{46A7CC8C-4F23-3BC2-9C62-B053FA7BEFB7}.Release|x64.ActiveCfg = Release|x64
		{46A7CC8C-4F23-3BC2-9C62-B053FA7BEFB7}.Release|x64.Build.0 = Release|x64
		{46A7CC8C-4F23-3BC2-9C62-B053FA7BEFB7}.MinSizeRel|x64.ActiveCfg = MinSizeRel|x64
		{46A7CC8C-4F23-3BC2-9C62-B053FA7BEFB7}.MinSizeRel|x64.Build.0 = MinSizeRel|x64
		{46A7CC8C-4F23-3BC2-9C62-B053FA7BEFB7}.RelWithDebInfo|x64.ActiveCfg = RelWithDebInfo|x64
		{46A7CC8C-4F23-3BC2-9C62-B053FA7BEFB7}.RelWithDebInfo|x64.Build.0 = RelWithDebInfo|x64
		{A5CE1354-0423-3CAC-B96A-CE35977A3664}.Debug|x64.ActiveCfg = Debug|x64
		{A5CE1354-0423-3CAC-B96A-CE35977A3664}.Debug|x64.Build.0 = Debug|x64
		{A5CE1354-0423-3CAC-B96A-CE35977A3664}.Release|x64.ActiveCfg = Release|x64
		{A5CE1354-0423-3CAC-B96A-CE35977A3664}.Release|x64.Build.0 = Release|x64
		{A5CE1354-0423-3CAC-B96A-CE35977A3664}.MinSizeRel|x64.ActiveCfg = MinSizeRel|x64
		{A5CE1354-0423-3CAC-B96A-CE35977A3664}.MinSizeRel|x64.Build.0 = MinSizeRel|x64
		{A5CE1354-0423-3CAC-B96A-CE35977A3664}.RelWithDebInfo|x64.ActiveCfg = RelWithDebInfo|x64
		{A5CE1354-0423-3CAC-B96A-CE35977A3664}.RelWithDebInfo|x64.Build.0 = RelWithDebInfo|x64
		{EF2DD525-D39A-34D3-BD7C-BDFDCB0846E1}.Debug|x64.ActiveCfg = Debug|x64
		{EF2DD525-D39A-34D3-BD7C-BDFDCB0846E1}.Debug|x64.Build.0 = Debug|x64
		{EF2DD525-D39A-34D3-BD7C-BDFDCB0846E1}.Release|x64.ActiveCfg = Release|x64
		{EF2DD525-D39A-34D3-BD7C-BDFDCB0846E1}.Release|x64.Build.0 = Release|x64
		{EF2DD525-D39A-34D3-BD7C-BDFDCB0846E1}.MinSizeRel|x64.ActiveCfg = MinSizeRel|x64
		{EF2DD525-D39A-34D3-BD7C-BDFDCB0846E1}.MinSizeRel|x64.Build.0 = MinSizeRel|x64
		{EF2DD525-D39A-34D3-BD7C-BDFDCB0846E1}.RelWithDebInfo|x64.ActiveCfg = RelWithDebInfo|x64
		{EF2DD525-D39A-34D3-BD7C-BDFDCB0846E1}.RelWithDebInfo|x64.Build.0 = RelWithDebInfo|x64
		{37A86834-DF87-31FD-B231-8C20B3D45860}.Debug|x64.ActiveCfg = Debug|x64
		{37A86834-DF87-31FD-B231-8C20B3D45860}.Debug|x64.Build.0 = Debug|x64
		{37A86834-DF87-31FD-B231-8C20B3D45860}.Release|x64.ActiveCfg = Release|x64
		{37A86834-DF87-31FD-B231-8C20B3D45860}.Release|x64.Build.0 = Release|x64
		{37A86834-DF87-31FD-B231-8C20B3D45860}.MinSizeRel|x64.ActiveCfg = MinSizeRel|x64
		{37A86834-DF87-31FD-B231-8C20B3D45860}.MinSizeRel|x64.Build.0 = MinSizeRel|x64
		{37A86834-DF87-31FD-B231-8C20B3D45860}.RelWithDebInfo|x64.ActiveCfg = RelWithDebInfo|x64
		{37A86834-DF87-31FD-B231-8C20B3D45860}.RelWithDebInfo|x64.Build.0 = RelWithDebInfo|x64
		{1F7748AA-0A62-3AA4-92D0-402B0A686AC0}.Debug|x64.ActiveCfg = Debug|x64
		{1F7748AA-0A62-3AA4-92D0-402B0A686AC0}.Debug|x64.Build.0 = Debug|x64
		{1F7748AA-0A62-3AA4-92D0-402B0A686AC0}.Release|x64.ActiveCfg = Release|x64
		{1F7748AA-0A62-3AA4-92D0-402B0A686AC0}.Release|x64.Build.0 = Release|x64
		{1F7748AA-0A62-3AA4-92D0-402B0A686AC0}.MinSizeRel|x64.ActiveCfg = MinSizeRel|x64
		{1F7748AA-0A62-3AA4-92D0-402B0A686AC0}.MinSizeRel|x64.Build.0 = MinSizeRel|x64
		{1F7748AA-0A62-3AA4-92D0-402B0A686AC0}.RelWithDebInfo|x64.ActiveCfg = RelWithDebInfo|x64
		{1F7748AA-0A62-3AA4-92D0-402B0A686AC0}.RelWithDebInfo|x64.Build.0 = RelWithDebInfo|x64
		{9491AC86-638D-3EF4-91FC-344D78A8360A}.Debug|x64.ActiveCfg = Debug|x64
		{9491AC86-638D-3EF4-91FC-344D78A8360A}.Debug|x64.Build.0 = Debug|x64
		{9491AC86-638D-3EF4-91FC-344D78A8360A}.Release|x64.ActiveCfg = Release|x64
		{9491AC86-638D-3EF4-91FC-344D78A8360A}.Release|x64.Build.0 = Release|x64
		{9491AC86-638D-3EF4-91FC-344D78A8360A}.MinSizeRel|x64.ActiveCfg = MinSizeRel|x64
		{9491AC86-638D-3EF4-91FC-344D78A8360A}.MinSizeRel|x64.Build.0 = MinSizeRel|x64
		{9491AC86-638D-3EF4-91FC-344D78A8360A}.RelWithDebInfo|x64.ActiveCfg = RelWithDebInfo|x64
		{9491AC86-638D-3EF4-91FC-344D78A8360A}.RelWithDebInfo|x64.Build.0 = RelWithDebInfo|x64
		{817FE301-8032-36C2-BDB2-33D7905803BA}.Debug|x64.ActiveCfg = Debug|x64
		{817FE301-8032-36C2-BDB2-33D7905803BA}.Debug|x64.Build.0 = Debug|x64
		{817FE301-8032-36C2-BDB2-33D7905803BA}.Release|x64.ActiveCfg = Release|x64
		{817FE301-8032-36C2-BDB2-33D7905803BA}.Release|x64.Build.0 = Release|x64
		{817FE301-8032-36C2-BDB2-33D7905803BA}.MinSizeRel|x64.ActiveCfg = MinSizeRel|x64
		{817FE301-8032-36C2-BDB2-33D7905803BA}.MinSizeRel|x64.Build.0 = MinSizeRel|x64
		{817FE301-8032-36C2-BDB2-33D7905803BA}.RelWithDebInfo|x64.ActiveCfg = RelWithDebInfo|x64
		{817FE301-8032-36C2-BDB2-33D7905803BA}.RelWithDebInfo|x64.Build.0 = RelWithDebInfo|x64
		{7A899A7D-5B62-3665-A8FA-F9E9EFC96014}.Debug|x64.ActiveCfg = Debug|x64
		{7A899A7D-5B62-3665-A8FA-F9E9EFC96014}.Debug|x64.Build.0 = Debug|x64
		{7A899A7D-5B62-3665-A8FA-F9E9EFC96014}.Release|x64.ActiveCfg = Release|x64
		{7A899A7D-5B62-3665-A8FA-F9E9EFC96014}.Release|x64.Build.0 = Release|x64
		{7A899A7D-5B62-3665-A8FA-F9E9EFC96014}.MinSizeRel|x64.ActiveCfg = MinSizeRel|x64
		{7A899A7D-5B62-3665-A8FA-F9E9EFC96014}.MinSizeRel|x64.Build.0 = MinSizeRel|x64
		{7A899A7D-5B62-3665-A8FA-F9E9EFC96014}.RelWithDebInfo|x64.ActiveCfg = RelWithDebInfo|x64
		{7A899A7D-5B62-3665-A8FA-F9E9EFC96014}.RelWithDebInfo|x64.Build.0 = RelWithDebInfo|x64
		{DA0F866F-7DD0-3686-93A7-FEDC7981687D}.Debug|x64.ActiveCfg = Debug|x64
		{DA0F866F-7DD0-3686-93A7-FEDC7981687D}.Debug|x64.Build.0 = Debug|x64
		{DA0F866F-7DD0-3686-93A7-FEDC7981687D}.Release|x64.ActiveCfg = Release|x64
		{DA0F866F-7DD0-3686-93A7-FEDC7981687D}.Release|x64.Build.0 = Release|x64
		{DA0F866F-7DD0-3686-93A7-FEDC7981687D}.MinSizeRel|x64.ActiveCfg = MinSizeRel|x64
		{DA0F866F-7DD0-3686-93A7-FEDC7981687D}.MinSizeRel|x64.Build.0 = MinSizeRel|x64
		{DA0F866F-7DD0-3686-93A7-FEDC7981687D}.RelWithDebInfo|x64.ActiveCfg = RelWithDebInfo|x64
		{DA0F866F-7DD0-3686-93A7-FEDC7981687D}.RelWithDebInfo|x64.Build.0 = RelWithDebInfo|x64
		{82E56C8A-8DAF-31EB-9B2B-F3F166A9EF20}.Debug|x64.ActiveCfg = Debug|x64
		{82E56C8A-8DAF-31EB-9B2B-F3F166A9EF20}.Debug|x64.Build.0 = Debug|x64
		{82E56C8A-8DAF-31EB-9B2B-F3F166A9EF20}.Release|x64.ActiveCfg = Release|x64
		{82E56C8A-8DAF-31EB-9B2B-F3F166A9EF20}.Release|x64.Build.0 = Release|x64
		{82E56C8A-8DAF-31EB-9B2B-F3F166A9EF20}.MinSizeRel|x64.ActiveCfg = MinSizeRel|x64
		{82E56C8A-8DAF-31EB-9B2B-F3F166A9EF20}.MinSizeRel|x64.Build.0 = MinSizeRel|x64
		{82E56C8A-8DAF-31EB-9B2B-F3F166A9EF20}.RelWithDebInfo|x64.ActiveCfg = RelWithDebInfo|x64
		{82E56C8A-8DAF-31EB-9B2B-F3F166A9EF20}.RelWithDebInfo|x64.Build.0 = RelWithDebInfo|x64
		{7DA3ED77-CC45-31FA-A14C-30072DF052E3}.Debug|x64.ActiveCfg = Debug|x64
		{7DA3ED77-CC45-31FA-A14C-30072DF052E3}.Debug|x64.Build.0 = Debug|x64
		{7DA3ED77-CC45-31FA-A14C-30072DF052E3}.Release|x64.ActiveCfg = Release|x64
		{7DA3ED77-CC45-31FA-A14C-30072DF052E3}.Release|x64.Build.0 = Release|x64
		{7DA3ED77-CC45-31FA-A14C-30072DF052E3}.MinSizeRel|x64.ActiveCfg = MinSizeRel|x64
		{7DA3ED77-CC45-31FA-A14C-30072DF052E3}.MinSizeRel|x64.Build.0 = MinSizeRel|x64
		{7DA3ED77-CC45-31FA-A14C-30072DF052E3}.RelWithDebInfo|x64.ActiveCfg = RelWithDebInfo|x64
		{7DA3ED77-CC45-31FA-A14C-30072DF052E3}.RelWithDebInfo|x64.Build.0 = RelWithDebInfo|x64
		{6A5FD0DA-C7B8-38BA-91E2-9CF469AB10C8}.Debug|x64.ActiveCfg = Debug|x64
		{6A5FD0DA-C7B8-38BA-91E2-9CF469AB10C8}.Debug|x64.Build.0 = Debug|x64
		{6A5FD0DA-C7B8-38BA-91E2-9CF469AB10C8}.Release|x64.ActiveCfg = Release|x64
		{6A5FD0DA-C7B8-38BA-91E2-9CF469AB10C8}.Release|x64.Build.0 = Release|x64
		{6A5FD0DA-C7B8-38BA-91E2-9CF469AB10C8}.MinSizeRel|x64.ActiveCfg = MinSizeRel|x64
		{6A5FD0DA-C7B8-38BA-91E2-9CF469AB10C8}.MinSizeRel|x64.Build.0 = MinSizeRel|x64
		{6A5FD0DA-C7B8-38BA-91E2-9CF469AB10C8}.RelWithDebInfo|x64.ActiveCfg = RelWithDebInfo|x64
		{6A5FD0DA-C7B8-38BA-91E2-9CF469AB10C8}.RelWithDebInfo|x64.Build.0 = RelWithDebInfo|x64
		{D3723364-E485-30F3-A237-14ED66ACAF91}.Debug|x64.ActiveCfg = Debug|x64
		{D3723364-E485-30F3-A237-14ED66ACAF91}.Debug|x64.Build.0 = Debug|x64
		{D3723364-E485-30F3-A237-14ED66ACAF91}.Release|x64.ActiveCfg = Release|x64
		{D3723364-E485-30F3-A237-14ED66ACAF91}.Release|x64.Build.0 = Release|x64
		{D3723364-E485-30F3-A237-14ED66ACAF91}.MinSizeRel|x64.ActiveCfg = MinSizeRel|x64
		{D3723364-E485-30F3-A237-14ED66ACAF91}.MinSizeRel|x64.Build.0 = MinSizeRel|x64
		{D3723364-E485-30F3-A237-14ED66ACAF91}.RelWithDebInfo|x64.ActiveCfg = RelWithDebInfo|x64
		{D3723364-E485-30F3-A237-14ED66ACAF91}.RelWithDebInfo|x64.Build.0 = RelWithDebInfo|x64
		{0B4628B6-4A74-3DA3-8E27-94512F980F23}.Debug|x64.ActiveCfg = Debug|x64
		{0B4628B6-4A74-3DA3-8E27-94512F980F23}.Debug|x64.Build.0 = Debug|x64
		{0B4628B6-4A74-3DA3-8E27-94512F980F23}.Release|x64.ActiveCfg = Release|x64
		{0B4628B6-4A74-3DA3-8E27-94512F980F23}.Release|x64.Build.0 = Release|x64
		{0B4628B6-4A74-3DA3-8E27-94512F980F23}.MinSizeRel|x64.ActiveCfg = MinSizeRel|x64
		{0B4628B6-4A74-3DA3-8E27-94512F980F23}.MinSizeRel|x64.Build.0 = MinSizeRel|x64
		{0B4628B6-4A74-3DA3-8E27-94512F980F23}.RelWithDebInfo|x64.ActiveCfg = RelWithDebInfo|x64
		{0B4628B6-4A74-3DA3-8E27-94512F980F23}.RelWithDebInfo|x64.Build.0 = RelWithDebInfo|x64
		{EBD32D60-7043-387D-A23F-20DAF93F9104}.Debug|x64.ActiveCfg = Debug|x64
		{EBD32D60-7043-387D-A23F-20DAF93F9104}.Debug|x64.Build.0 = Debug|x64
		{EBD32D60-7043-387D-A23F-20DAF93F9104}.Release|x64.ActiveCfg = Release|x64
		{EBD32D60-7043-387D-A23F-20DAF93F9104}.Release|x64.Build.0 = Release|x64
		{EBD32D60-7043-387D-A23F-20DAF93F9104}.MinSizeRel|x64.ActiveCfg = MinSizeRel|x64
		{EBD32D60-7043-387D-A23F-20DAF93F9104}.MinSizeRel|x64.Build.0 = MinSizeRel|x64
		{EBD32D60-7043-387D-A23F-20DAF93F9104}.RelWithDebInfo|x64.ActiveCfg = RelWithDebInfo|x64
		{EBD32D60-7043-387D-A23F-20DAF93F9104}.RelWithDebInfo|x64.Build.0 = RelWithDebInfo|x64
		{73D4BA8D-9B2A-370E-9B38-E156D19250E5}.Debug|x64.ActiveCfg = Debug|x64
		{73D4BA8D-9B2A-370E-9B38-E156D19250E5}.Debug|x64.Build.0 = Debug|x64
		{73D4BA8D-9B2A-370E-9B38-E156D19250E5}.Release|x64.ActiveCfg = Release|x64
		{73D4BA8D-9B2A-370E-9B38-E156D19250E5}.Release|x64.Build.0 = Release|x64
		{73D4BA8D-9B2A-370E-9B38-E156D19250E5}.MinSizeRel|x64.ActiveCfg = MinSizeRel|x64
		{73D4BA8D-9B2A-370E-9B38-E156D19250E5}.MinSizeRel|x64.Build.0 = MinSizeRel|x64
		{73D4BA8D-9B2A-370E-9B38-E156D19250E5}.RelWithDebInfo|x64.ActiveCfg = RelWithDebInfo|x64
		{73D4BA8D-9B2A-370E-9B38-E156D19250E5}.RelWithDebInfo|x64.Build.0 = RelWithDebInfo|x64
		{3B74DA90-2C03-3ED3-8F9C-5D7F3C21E1A9}.Debug|x64.ActiveCfg = Debug|x64
		{3B74DA90-2C03-3ED3-8F9C-5D7F3C21E1A9}.Debug|x64.Build.0 = Debug|x64
		{3B74DA90-2C03-3ED3-8F9C-5D7F3C21E1A9}.Release|x64.ActiveCfg = Release|x64
		{3B74DA90-2C03-3ED3-8F9C-5D7F3C21E1A9}.Release|x64.Build.0 = Release|x64
		{3B74DA90-2C03-3ED3-8F9C-5D7F3C21E1A9}.MinSizeRel|x64.ActiveCfg = MinSizeRel|x64
		{3B74DA90-2C03-3ED3-8F9C-5D7F3C21E1A9}.MinSizeRel|x64.Build.0 = MinSizeRel|x64
		{3B74DA90-2C03-3ED3-8F9C-5D7F3C21E1A9}.RelWithDebInfo|x64.ActiveCfg = RelWithDebInfo|x64
		{3B74DA90-2C03-3ED3-8F9C-5D7F3C21E1A9}.RelWithDebInfo|x64.Build.0 = RelWithDebInfo|x64
		{9DA04D1D-4951-3FDB-9FFC-E958DAC20C70}.Debug|x64.ActiveCfg = Debug|x64
		{9DA04D1D-4951-3FDB-9FFC-E958DAC20C70}.Debug|x64.Build.0 = Debug|x64
		{9DA04D1D-4951-3FDB-9FFC-E958DAC20C70}.Release|x64.ActiveCfg = Release|x64
		{9DA04D1D-4951-3FDB-9FFC-E958DAC20C70}.Release|x64.Build.0 = Release|x64
		{9DA04D1D-4951-3FDB-9FFC-E958DAC20C70}.MinSizeRel|x64.ActiveCfg = MinSizeRel|x64
		{9DA04D1D-4951-3FDB-9FFC-E958DAC20C70}.MinSizeRel|x64.Build.0 = MinSizeRel|x64
		{9DA04D1D-4951-3FDB-9FFC-E958DAC20C70}.RelWithDebInfo|x64.ActiveCfg = RelWithDebInfo|x64
		{9DA04D1D-4951-3FDB-9FFC-E958DAC20C70}.RelWithDebInfo|x64.Build.0 = RelWithDebInfo|x64
		{DE8C124F-5AEA-31C0-86FD-8C13E5C52568}.Debug|x64.ActiveCfg = Debug|x64
		{DE8C124F-5AEA-31C0-86FD-8C13E5C52568}.Debug|x64.Build.0 = Debug|x64
		{DE8C124F-5AEA-31C0-86FD-8C13E5C52568}.Release|x64.ActiveCfg = Release|x64
		{DE8C124F-5AEA-31C0-86FD-8C13E5C52568}.Release|x64.Build.0 = Release|x64
		{DE8C124F-5AEA-31C0-86FD-8C13E5C52568}.MinSizeRel|x64.ActiveCfg = MinSizeRel|x64
		{DE8C124F-5AEA-31C0-86FD-8C13E5C52568}.MinSizeRel|x64.Build.0 = MinSizeRel|x64
		{DE8C124F-5AEA-31C0-86FD-8C13E5C52568}.RelWithDebInfo|x64.ActiveCfg = RelWithDebInfo|x64
		{DE8C124F-5AEA-31C0-86FD-8C13E5C52568}.RelWithDebInfo|x64.Build.0 = RelWithDebInfo|x64
		{3648185F-EAEE-3C58-B102-5D599707419A}.Debug|x64.ActiveCfg = Debug|x64
		{3648185F-EAEE-3C58-B102-5D599707419A}.Release|x64.ActiveCfg = Release|x64
		{3648185F-EAEE-3C58-B102-5D599707419A}.MinSizeRel|x64.ActiveCfg = MinSizeRel|x64
		{3648185F-EAEE-3C58-B102-5D599707419A}.RelWithDebInfo|x64.ActiveCfg = RelWithDebInfo|x64
		{D57161CF-C1D2-3527-8B07-60A1CA0F3934}.Debug|x64.ActiveCfg = Debug|x64
		{D57161CF-C1D2-3527-8B07-60A1CA0F3934}.Debug|x64.Build.0 = Debug|x64
		{D57161CF-C1D2-3527-8B07-60A1CA0F3934}.Release|x64.ActiveCfg = Release|x64
		{D57161CF-C1D2-3527-8B07-60A1CA0F3934}.Release|x64.Build.0 = Release|x64
		{D57161CF-C1D2-3527-8B07-60A1CA0F3934}.MinSizeRel|x64.ActiveCfg = MinSizeRel|x64
		{D57161CF-C1D2-3527-8B07-60A1CA0F3934}.MinSizeRel|x64.Build.0 = MinSizeRel|x64
		{D57161CF-C1D2-3527-8B07-60A1CA0F3934}.RelWithDebInfo|x64.ActiveCfg = RelWithDebInfo|x64
		{D57161CF-C1D2-3527-8B07-60A1CA0F3934}.RelWithDebInfo|x64.Build.0 = RelWithDebInfo|x64
		{574A0651-6ADF-3D6C-A3BC-457A1128EC89}.Debug|x64.ActiveCfg = Debug|x64
		{574A0651-6ADF-3D6C-A3BC-457A1128EC89}.Debug|x64.Build.0 = Debug|x64
		{574A0651-6ADF-3D6C-A3BC-457A1128EC89}.Release|x64.ActiveCfg = Release|x64
		{574A0651-6ADF-3D6C-A3BC-457A1128EC89}.Release|x64.Build.0 = Release|x64
		{574A0651-6ADF-3D6C-A3BC-457A1128EC89}.MinSizeRel|x64.ActiveCfg = MinSizeRel|x64
		{574A0651-6ADF-3D6C-A3BC-457A1128EC89}.MinSizeRel|x64.Build.0 = MinSizeRel|x64
		{574A0651-6ADF-3D6C-A3BC-457A1128EC89}.RelWithDebInfo|x64.ActiveCfg = RelWithDebInfo|x64
		{574A0651-6ADF-3D6C-A3BC-457A1128EC89}.RelWithDebInfo|x64.Build.0 = RelWithDebInfo|x64
		{4CBAF097-62E5-36D6-BC25-1BBE704F6FA6}.Debug|x64.ActiveCfg = Debug|x64
		{4CBAF097-62E5-36D6-BC25-1BBE704F6FA6}.Debug|x64.Build.0 = Debug|x64
		{4CBAF097-62E5-36D6-BC25-1BBE704F6FA6}.Release|x64.ActiveCfg = Release|x64
		{4CBAF097-62E5-36D6-BC25-1BBE704F6FA6}.Release|x64.Build.0 = Release|x64
		{4CBAF097-62E5-36D6-BC25-1BBE704F6FA6}.MinSizeRel|x64.ActiveCfg = MinSizeRel|x64
		{4CBAF097-62E5-36D6-BC25-1BBE704F6FA6}.MinSizeRel|x64.Build.0 = MinSizeRel|x64
		{4CBAF097-62E5-36D6-BC25-1BBE704F6FA6}.RelWithDebInfo|x64.ActiveCfg = RelWithDebInfo|x64
		{4CBAF097-62E5-36D6-BC25-1BBE704F6FA6}.RelWithDebInfo|x64.Build.0 = RelWithDebInfo|x64
		{BF53DFF7-3A9E-3BEE-B7AC-5C5F48161474}.Debug|x64.ActiveCfg = Debug|x64
		{BF53DFF7-3A9E-3BEE-B7AC-5C5F48161474}.Debug|x64.Build.0 = Debug|x64
		{BF53DFF7-3A9E-3BEE-B7AC-5C5F48161474}.Release|x64.ActiveCfg = Release|x64
		{BF53DFF7-3A9E-3BEE-B7AC-5C5F48161474}.Release|x64.Build.0 = Release|x64
		{BF53DFF7-3A9E-3BEE-B7AC-5C5F48161474}.MinSizeRel|x64.ActiveCfg = MinSizeRel|x64
		{BF53DFF7-3A9E-3BEE-B7AC-5C5F48161474}.MinSizeRel|x64.Build.0 = MinSizeRel|x64
		{BF53DFF7-3A9E-3BEE-B7AC-5C5F48161474}.RelWithDebInfo|x64.ActiveCfg = RelWithDebInfo|x64
		{BF53DFF7-3A9E-3BEE-B7AC-5C5F48161474}.RelWithDebInfo|x64.Build.0 = RelWithDebInfo|x64
		{77B7C18C-251B-34BD-8FAB-8ACB74C4EDB4}.Debug|x64.ActiveCfg = Debug|x64
		{77B7C18C-251B-34BD-8FAB-8ACB74C4EDB4}.Debug|x64.Build.0 = Debug|x64
		{77B7C18C-251B-34BD-8FAB-8ACB74C4EDB4}.Release|x64.ActiveCfg = Release|x64
		{77B7C18C-251B-34BD-8FAB-8ACB74C4EDB4}.Release|x64.Build.0 = Release|x64
		{77B7C18C-251B-34BD-8FAB-8ACB74C4EDB4}.MinSizeRel|x64.ActiveCfg = MinSizeRel|x64
		{77B7C18C-251B-34BD-8FAB-8ACB74C4EDB4}.MinSizeRel|x64.Build.0 = MinSizeRel|x64
		{77B7C18C-251B-34BD-8FAB-8ACB74C4EDB4}.RelWithDebInfo|x64.ActiveCfg = RelWithDebInfo|x64
		{77B7C18C-251B-34BD-8FAB-8ACB74C4EDB4}.RelWithDebInfo|x64.Build.0 = RelWithDebInfo|x64
		{9F56CE88-2731-37BE-9CA3-956FBDCD7111}.Debug|x64.ActiveCfg = Debug|x64
		{9F56CE88-2731-37BE-9CA3-956FBDCD7111}.Debug|x64.Build.0 = Debug|x64
		{9F56CE88-2731-37BE-9CA3-956FBDCD7111}.Release|x64.ActiveCfg = Release|x64
		{9F56CE88-2731-37BE-9CA3-956FBDCD7111}.Release|x64.Build.0 = Release|x64
		{9F56CE88-2731-37BE-9CA3-956FBDCD7111}.MinSizeRel|x64.ActiveCfg = MinSizeRel|x64
		{9F56CE88-2731-37BE-9CA3-956FBDCD7111}.MinSizeRel|x64.Build.0 = MinSizeRel|x64
		{9F56CE88-2731-37BE-9CA3-956FBDCD7111}.RelWithDebInfo|x64.ActiveCfg = RelWithDebInfo|x64
		{9F56CE88-2731-37BE-9CA3-956FBDCD7111}.RelWithDebInfo|x64.Build.0 = RelWithDebInfo|x64
		{D1D6B108-B2CF-3A22-97E0-271DAE2E23CC}.Debug|x64.ActiveCfg = Debug|x64
		{D1D6B108-B2CF-3A22-97E0-271DAE2E23CC}.Debug|x64.Build.0 = Debug|x64
		{D1D6B108-B2CF-3A22-97E0-271DAE2E23CC}.Release|x64.ActiveCfg = Release|x64
		{D1D6B108-B2CF-3A22-97E0-271DAE2E23CC}.Release|x64.Build.0 = Release|x64
		{D1D6B108-B2CF-3A22-97E0-271DAE2E23CC}.MinSizeRel|x64.ActiveCfg = MinSizeRel|x64
		{D1D6B108-B2CF-3A22-97E0-271DAE2E23CC}.MinSizeRel|x64.Build.0 = MinSizeRel|x64
		{D1D6B108-B2CF-3A22-97E0-271DAE2E23CC}.RelWithDebInfo|x64.ActiveCfg = RelWithDebInfo|x64
		{D1D6B108-B2CF-3A22-97E0-271DAE2E23CC}.RelWithDebInfo|x64.Build.0 = RelWithDebInfo|x64
		{14C0F4F7-C525-3D35-AF9A-7F3FE4B8CFA9}.Debug|x64.ActiveCfg = Debug|x64
		{14C0F4F7-C525-3D35-AF9A-7F3FE4B8CFA9}.Debug|x64.Build.0 = Debug|x64
		{14C0F4F7-C525-3D35-AF9A-7F3FE4B8CFA9}.Release|x64.ActiveCfg = Release|x64
		{14C0F4F7-C525-3D35-AF9A-7F3FE4B8CFA9}.Release|x64.Build.0 = Release|x64
		{14C0F4F7-C525-3D35-AF9A-7F3FE4B8CFA9}.MinSizeRel|x64.ActiveCfg = MinSizeRel|x64
		{14C0F4F7-C525-3D35-AF9A-7F3FE4B8CFA9}.MinSizeRel|x64.Build.0 = MinSizeRel|x64
		{14C0F4F7-C525-3D35-AF9A-7F3FE4B8CFA9}.RelWithDebInfo|x64.ActiveCfg = RelWithDebInfo|x64
		{14C0F4F7-C525-3D35-AF9A-7F3FE4B8CFA9}.RelWithDebInfo|x64.Build.0 = RelWithDebInfo|x64
		{61C48798-C093-3FC5-87BA-B203DAA4B083}.Debug|x64.ActiveCfg = Debug|x64
		{61C48798-C093-3FC5-87BA-B203DAA4B083}.Debug|x64.Build.0 = Debug|x64
		{61C48798-C093-3FC5-87BA-B203DAA4B083}.Release|x64.ActiveCfg = Release|x64
		{61C48798-C093-3FC5-87BA-B203DAA4B083}.Release|x64.Build.0 = Release|x64
		{61C48798-C093-3FC5-87BA-B203DAA4B083}.MinSizeRel|x64.ActiveCfg = MinSizeRel|x64
		{61C48798-C093-3FC5-87BA-B203DAA4B083}.MinSizeRel|x64.Build.0 = MinSizeRel|x64
		{61C48798-C093-3FC5-87BA-B203DAA4B083}.RelWithDebInfo|x64.ActiveCfg = RelWithDebInfo|x64
		{61C48798-C093-3FC5-87BA-B203DAA4B083}.RelWithDebInfo|x64.Build.0 = RelWithDebInfo|x64
		{3CCAB2DA-7EE3-35AD-A220-2B0FD5D50473}.Debug|x64.ActiveCfg = Debug|x64
		{3CCAB2DA-7EE3-35AD-A220-2B0FD5D50473}.Debug|x64.Build.0 = Debug|x64
		{3CCAB2DA-7EE3-35AD-A220-2B0FD5D50473}.Release|x64.ActiveCfg = Release|x64
		{3CCAB2DA-7EE3-35AD-A220-2B0FD5D50473}.Release|x64.Build.0 = Release|x64
		{3CCAB2DA-7EE3-35AD-A220-2B0FD5D50473}.MinSizeRel|x64.ActiveCfg = MinSizeRel|x64
		{3CCAB2DA-7EE3-35AD-A220-2B0FD5D50473}.MinSizeRel|x64.Build.0 = MinSizeRel|x64
		{3CCAB2DA-7EE3-35AD-A220-2B0FD5D50473}.RelWithDebInfo|x64.ActiveCfg = RelWithDebInfo|x64
		{3CCAB2DA-7EE3-35AD-A220-2B0FD5D50473}.RelWithDebInfo|x64.Build.0 = RelWithDebInfo|x64
		{44CF1DC6-E014-3847-9C70-7B8AB95247DA}.Debug|x64.ActiveCfg = Debug|x64
		{44CF1DC6-E014-3847-9C70-7B8AB95247DA}.Debug|x64.Build.0 = Debug|x64
		{44CF1DC6-E014-3847-9C70-7B8AB95247DA}.Release|x64.ActiveCfg = Release|x64
		{44CF1DC6-E014-3847-9C70-7B8AB95247DA}.Release|x64.Build.0 = Release|x64
		{44CF1DC6-E014-3847-9C70-7B8AB95247DA}.MinSizeRel|x64.ActiveCfg = MinSizeRel|x64
		{44CF1DC6-E014-3847-9C70-7B8AB95247DA}.MinSizeRel|x64.Build.0 = MinSizeRel|x64
		{44CF1DC6-E014-3847-9C70-7B8AB95247DA}.RelWithDebInfo|x64.ActiveCfg = RelWithDebInfo|x64
		{44CF1DC6-E014-3847-9C70-7B8AB95247DA}.RelWithDebInfo|x64.Build.0 = RelWithDebInfo|x64
		{C04B80C4-A5AA-35A9-9837-CD8C38437FE8}.Debug|x64.ActiveCfg = Debug|x64
		{C04B80C4-A5AA-35A9-9837-CD8C38437FE8}.Debug|x64.Build.0 = Debug|x64
		{C04B80C4-A5AA-35A9-9837-CD8C38437FE8}.Release|x64.ActiveCfg = Release|x64
		{C04B80C4-A5AA-35A9-9837-CD8C38437FE8}.Release|x64.Build.0 = Release|x64
		{C04B80C4-A5AA-35A9-9837-CD8C38437FE8}.MinSizeRel|x64.ActiveCfg = MinSizeRel|x64
		{C04B80C4-A5AA-35A9-9837-CD8C38437FE8}.MinSizeRel|x64.Build.0 = MinSizeRel|x64
		{C04B80C4-A5AA-35A9-9837-CD8C38437FE8}.RelWithDebInfo|x64.ActiveCfg = RelWithDebInfo|x64
		{C04B80C4-A5AA-35A9-9837-CD8C38437FE8}.RelWithDebInfo|x64.Build.0 = RelWithDebInfo|x64
		{D47667DE-6C25-32E7-8090-29B155844A1B}.Debug|x64.ActiveCfg = Debug|x64
		{D47667DE-6C25-32E7-8090-29B155844A1B}.Debug|x64.Build.0 = Debug|x64
		{D47667DE-6C25-32E7-8090-29B155844A1B}.Release|x64.ActiveCfg = Release|x64
		{D47667DE-6C25-32E7-8090-29B155844A1B}.Release|x64.Build.0 = Release|x64
		{D47667DE-6C25-32E7-8090-29B155844A1B}.MinSizeRel|x64.ActiveCfg = MinSizeRel|x64
		{D47667DE-6C25-32E7-8090-29B155844A1B}.MinSizeRel|x64.Build.0 = MinSizeRel|x64
		{D47667DE-6C25-32E7-8090-29B155844A1B}.RelWithDebInfo|x64.ActiveCfg = RelWithDebInfo|x64
		{D47667DE-6C25-32E7-8090-29B155844A1B}.RelWithDebInfo|x64.Build.0 = RelWithDebInfo|x64
		{342C52BE-6917-3D6C-9F37-A91F7F53803F}.Debug|x64.ActiveCfg = Debug|x64
		{342C52BE-6917-3D6C-9F37-A91F7F53803F}.Debug|x64.Build.0 = Debug|x64
		{342C52BE-6917-3D6C-9F37-A91F7F53803F}.Release|x64.ActiveCfg = Release|x64
		{342C52BE-6917-3D6C-9F37-A91F7F53803F}.Release|x64.Build.0 = Release|x64
		{342C52BE-6917-3D6C-9F37-A91F7F53803F}.MinSizeRel|x64.ActiveCfg = MinSizeRel|x64
		{342C52BE-6917-3D6C-9F37-A91F7F53803F}.MinSizeRel|x64.Build.0 = MinSizeRel|x64
		{342C52BE-6917-3D6C-9F37-A91F7F53803F}.RelWithDebInfo|x64.ActiveCfg = RelWithDebInfo|x64
		{342C52BE-6917-3D6C-9F37-A91F7F53803F}.RelWithDebInfo|x64.Build.0 = RelWithDebInfo|x64
		{C4AE34D3-A9F1-33D9-A57E-B8DB16E25DD9}.Debug|x64.ActiveCfg = Debug|x64
		{C4AE34D3-A9F1-33D9-A57E-B8DB16E25DD9}.Debug|x64.Build.0 = Debug|x64
		{C4AE34D3-A9F1-33D9-A57E-B8DB16E25DD9}.Release|x64.ActiveCfg = Release|x64
		{C4AE34D3-A9F1-33D9-A57E-B8DB16E25DD9}.Release|x64.Build.0 = Release|x64
		{C4AE34D3-A9F1-33D9-A57E-B8DB16E25DD9}.MinSizeRel|x64.ActiveCfg = MinSizeRel|x64
		{C4AE34D3-A9F1-33D9-A57E-B8DB16E25DD9}.MinSizeRel|x64.Build.0 = MinSizeRel|x64
		{C4AE34D3-A9F1-33D9-A57E-B8DB16E25DD9}.RelWithDebInfo|x64.ActiveCfg = RelWithDebInfo|x64
		{C4AE34D3-A9F1-33D9-A57E-B8DB16E25DD9}.RelWithDebInfo|x64.Build.0 = RelWithDebInfo|x64
		{16F8BECC-EC7F-3110-A64F-86FCA770B9D1}.Debug|x64.ActiveCfg = Debug|x64
		{16F8BECC-EC7F-3110-A64F-86FCA770B9D1}.Debug|x64.Build.0 = Debug|x64
		{16F8BECC-EC7F-3110-A64F-86FCA770B9D1}.Release|x64.ActiveCfg = Release|x64
		{16F8BECC-EC7F-3110-A64F-86FCA770B9D1}.Release|x64.Build.0 = Release|x64
		{16F8BECC-EC7F-3110-A64F-86FCA770B9D1}.MinSizeRel|x64.ActiveCfg = MinSizeRel|x64
		{16F8BECC-EC7F-3110-A64F-86FCA770B9D1}.MinSizeRel|x64.Build.0 = MinSizeRel|x64
		{16F8BECC-EC7F-3110-A64F-86FCA770B9D1}.RelWithDebInfo|x64.ActiveCfg = RelWithDebInfo|x64
		{16F8BECC-EC7F-3110-A64F-86FCA770B9D1}.RelWithDebInfo|x64.Build.0 = RelWithDebInfo|x64
		{18C21616-40DD-3A55-94DC-3F2EF9B4B87F}.Debug|x64.ActiveCfg = Debug|x64
		{18C21616-40DD-3A55-94DC-3F2EF9B4B87F}.Debug|x64.Build.0 = Debug|x64
		{18C21616-40DD-3A55-94DC-3F2EF9B4B87F}.Release|x64.ActiveCfg = Release|x64
		{18C21616-40DD-3A55-94DC-3F2EF9B4B87F}.Release|x64.Build.0 = Release|x64
		{18C21616-40DD-3A55-94DC-3F2EF9B4B87F}.MinSizeRel|x64.ActiveCfg = MinSizeRel|x64
		{18C21616-40DD-3A55-94DC-3F2EF9B4B87F}.MinSizeRel|x64.Build.0 = MinSizeRel|x64
		{18C21616-40DD-3A55-94DC-3F2EF9B4B87F}.RelWithDebInfo|x64.ActiveCfg = RelWithDebInfo|x64
		{18C21616-40DD-3A55-94DC-3F2EF9B4B87F}.RelWithDebInfo|x64.Build.0 = RelWithDebInfo|x64
		{5F3EE51F-94E1-37E0-8A93-AD206217D1A9}.Debug|x64.ActiveCfg = Debug|x64
		{5F3EE51F-94E1-37E0-8A93-AD206217D1A9}.Debug|x64.Build.0 = Debug|x64
		{5F3EE51F-94E1-37E0-8A93-AD206217D1A9}.Release|x64.ActiveCfg = Release|x64
		{5F3EE51F-94E1-37E0-8A93-AD206217D1A9}.Release|x64.Build.0 = Release|x64
		{5F3EE51F-94E1-37E0-8A93-AD206217D1A9}.MinSizeRel|x64.ActiveCfg = MinSizeRel|x64
		{5F3EE51F-94E1-37E0-8A93-AD206217D1A9}.MinSizeRel|x64.Build.0 = MinSizeRel|x64
		{5F3EE51F-94E1-37E0-8A93-AD206217D1A9}.RelWithDebInfo|x64.ActiveCfg = RelWithDebInfo|x64
		{5F3EE51F-94E1-37E0-8A93-AD206217D1A9}.RelWithDebInfo|x64.Build.0 = RelWithDebInfo|x64
		{D3BDD05C-CC2A-365B-86D3-BD5321DADD25}.Debug|x64.ActiveCfg = Debug|x64
		{D3BDD05C-CC2A-365B-86D3-BD5321DADD25}.Debug|x64.Build.0 = Debug|x64
		{D3BDD05C-CC2A-365B-86D3-BD5321DADD25}.Release|x64.ActiveCfg = Release|x64
		{D3BDD05C-CC2A-365B-86D3-BD5321DADD25}.Release|x64.Build.0 = Release|x64
		{D3BDD05C-CC2A-365B-86D3-BD5321DADD25}.MinSizeRel|x64.ActiveCfg = MinSizeRel|x64
		{D3BDD05C-CC2A-365B-86D3-BD5321DADD25}.MinSizeRel|x64.Build.0 = MinSizeRel|x64
		{D3BDD05C-CC2A-365B-86D3-BD5321DADD25}.RelWithDebInfo|x64.ActiveCfg = RelWithDebInfo|x64
		{D3BDD05C-CC2A-365B-86D3-BD5321DADD25}.RelWithDebInfo|x64.Build.0 = RelWithDebInfo|x64
		{6BA70810-1C05-33ED-AA2A-29A1855890E6}.Debug|x64.ActiveCfg = Debug|x64
		{6BA70810-1C05-33ED-AA2A-29A1855890E6}.Debug|x64.Build.0 = Debug|x64
		{6BA70810-1C05-33ED-AA2A-29A1855890E6}.Release|x64.ActiveCfg = Release|x64
		{6BA70810-1C05-33ED-AA2A-29A1855890E6}.Release|x64.Build.0 = Release|x64
		{6BA70810-1C05-33ED-AA2A-29A1855890E6}.MinSizeRel|x64.ActiveCfg = MinSizeRel|x64
		{6BA70810-1C05-33ED-AA2A-29A1855890E6}.MinSizeRel|x64.Build.0 = MinSizeRel|x64
		{6BA70810-1C05-33ED-AA2A-29A1855890E6}.RelWithDebInfo|x64.ActiveCfg = RelWithDebInfo|x64
		{6BA70810-1C05-33ED-AA2A-29A1855890E6}.RelWithDebInfo|x64.Build.0 = RelWithDebInfo|x64
		{1CBB544C-949D-3F61-B102-417ECD4E6B7D}.Debug|x64.ActiveCfg = Debug|x64
		{1CBB544C-949D-3F61-B102-417ECD4E6B7D}.Debug|x64.Build.0 = Debug|x64
		{1CBB544C-949D-3F61-B102-417ECD4E6B7D}.Release|x64.ActiveCfg = Release|x64
		{1CBB544C-949D-3F61-B102-417ECD4E6B7D}.Release|x64.Build.0 = Release|x64
		{1CBB544C-949D-3F61-B102-417ECD4E6B7D}.MinSizeRel|x64.ActiveCfg = MinSizeRel|x64
		{1CBB544C-949D-3F61-B102-417ECD4E6B7D}.MinSizeRel|x64.Build.0 = MinSizeRel|x64
		{1CBB544C-949D-3F61-B102-417ECD4E6B7D}.RelWithDebInfo|x64.ActiveCfg = RelWithDebInfo|x64
		{1CBB544C-949D-3F61-B102-417ECD4E6B7D}.RelWithDebInfo|x64.Build.0 = RelWithDebInfo|x64
		{02EE887C-9778-3577-AEB2-52A6EF0B69F5}.Debug|x64.ActiveCfg = Debug|x64
		{02EE887C-9778-3577-AEB2-52A6EF0B69F5}.Debug|x64.Build.0 = Debug|x64
		{02EE887C-9778-3577-AEB2-52A6EF0B69F5}.Release|x64.ActiveCfg = Release|x64
		{02EE887C-9778-3577-AEB2-52A6EF0B69F5}.Release|x64.Build.0 = Release|x64
		{02EE887C-9778-3577-AEB2-52A6EF0B69F5}.MinSizeRel|x64.ActiveCfg = MinSizeRel|x64
		{02EE887C-9778-3577-AEB2-52A6EF0B69F5}.MinSizeRel|x64.Build.0 = MinSizeRel|x64
		{02EE887C-9778-3577-AEB2-52A6EF0B69F5}.RelWithDebInfo|x64.ActiveCfg = RelWithDebInfo|x64
		{02EE887C-9778-3577-AEB2-52A6EF0B69F5}.RelWithDebInfo|x64.Build.0 = RelWithDebInfo|x64
		{7919DCAF-E003-354F-BA5B-AA7436B654B4}.Debug|x64.ActiveCfg = Debug|x64
		{7919DCAF-E003-354F-BA5B-AA7436B654B4}.Debug|x64.Build.0 = Debug|x64
		{7919DCAF-E003-354F-BA5B-AA7436B654B4}.Release|x64.ActiveCfg = Release|x64
		{7919DCAF-E003-354F-BA5B-AA7436B654B4}.Release|x64.Build.0 = Release|x64
		{7919DCAF-E003-354F-BA5B-AA7436B654B4}.MinSizeRel|x64.ActiveCfg = MinSizeRel|x64
		{7919DCAF-E003-354F-BA5B-AA7436B654B4}.MinSizeRel|x64.Build.0 = MinSizeRel|x64
		{7919DCAF-E003-354F-BA5B-AA7436B654B4}.RelWithDebInfo|x64.ActiveCfg = RelWithDebInfo|x64
		{7919DCAF-E003-354F-BA5B-AA7436B654B4}.RelWithDebInfo|x64.Build.0 = RelWithDebInfo|x64
		{8DA7A936-6C94-32A4-8A51-1F1D6B3318B6}.Debug|x64.ActiveCfg = Debug|x64
		{8DA7A936-6C94-32A4-8A51-1F1D6B3318B6}.Debug|x64.Build.0 = Debug|x64
		{8DA7A936-6C94-32A4-8A51-1F1D6B3318B6}.Release|x64.ActiveCfg = Release|x64
		{8DA7A936-6C94-32A4-8A51-1F1D6B3318B6}.Release|x64.Build.0 = Release|x64
		{8DA7A936-6C94-32A4-8A51-1F1D6B3318B6}.MinSizeRel|x64.ActiveCfg = MinSizeRel|x64
		{8DA7A936-6C94-32A4-8A51-1F1D6B3318B6}.MinSizeRel|x64.Build.0 = MinSizeRel|x64
		{8DA7A936-6C94-32A4-8A51-1F1D6B3318B6}.RelWithDebInfo|x64.ActiveCfg = RelWithDebInfo|x64
		{8DA7A936-6C94-32A4-8A51-1F1D6B3318B6}.RelWithDebInfo|x64.Build.0 = RelWithDebInfo|x64
		{6CCD698F-F59A-31C2-9A1E-2FA3CCF71744}.Debug|x64.ActiveCfg = Debug|x64
		{6CCD698F-F59A-31C2-9A1E-2FA3CCF71744}.Debug|x64.Build.0 = Debug|x64
		{6CCD698F-F59A-31C2-9A1E-2FA3CCF71744}.Release|x64.ActiveCfg = Release|x64
		{6CCD698F-F59A-31C2-9A1E-2FA3CCF71744}.Release|x64.Build.0 = Release|x64
		{6CCD698F-F59A-31C2-9A1E-2FA3CCF71744}.MinSizeRel|x64.ActiveCfg = MinSizeRel|x64
		{6CCD698F-F59A-31C2-9A1E-2FA3CCF71744}.MinSizeRel|x64.Build.0 = MinSizeRel|x64
		{6CCD698F-F59A-31C2-9A1E-2FA3CCF71744}.RelWithDebInfo|x64.ActiveCfg = RelWithDebInfo|x64
		{6CCD698F-F59A-31C2-9A1E-2FA3CCF71744}.RelWithDebInfo|x64.Build.0 = RelWithDebInfo|x64
		{FE14F5C3-1590-365B-88DF-3F61175C944A}.Debug|x64.ActiveCfg = Debug|x64
		{FE14F5C3-1590-365B-88DF-3F61175C944A}.Debug|x64.Build.0 = Debug|x64
		{FE14F5C3-1590-365B-88DF-3F61175C944A}.Release|x64.ActiveCfg = Release|x64
		{FE14F5C3-1590-365B-88DF-3F61175C944A}.Release|x64.Build.0 = Release|x64
		{FE14F5C3-1590-365B-88DF-3F61175C944A}.MinSizeRel|x64.ActiveCfg = MinSizeRel|x64
		{FE14F5C3-1590-365B-88DF-3F61175C944A}.MinSizeRel|x64.Build.0 = MinSizeRel|x64
		{FE14F5C3-1590-365B-88DF-3F61175C944A}.RelWithDebInfo|x64.ActiveCfg = RelWithDebInfo|x64
		{FE14F5C3-1590-365B-88DF-3F61175C944A}.RelWithDebInfo|x64.Build.0 = RelWithDebInfo|x64
	EndGlobalSection
	GlobalSection(ExtensibilityGlobals) = postSolution
		SolutionGuid = {E5459339-EB66-340A-B85D-2CCE0B0AAD7A}
	EndGlobalSection
	GlobalSection(ExtensibilityAddIns) = postSolution
	EndGlobalSection
EndGlobal
